// !$*UTF8*$!
{
	archiveVersion = 1;
	classes = {
	};
	objectVersion = 46;
	objects = {

/* Begin PBXBuildFile section */
		30083B3C153D83F300E795DA /* XFloatSecondsToHMSStringTransformer.m in Sources */ = {isa = PBXBuildFile; fileRef = 30083B3B153D83F300E795DA /* XFloatSecondsToHMSStringTransformer.m */; };
		30122ACE1539AFE300A2E507 /* PLAQueueTableCellView.m in Sources */ = {isa = PBXBuildFile; fileRef = 30122ACD1539AFE300A2E507 /* PLAQueueTableCellView.m */; };
		30161765153F35FC0060CBDD /* OpenSans-LightItalic.ttf in Copy Fonts */ = {isa = PBXBuildFile; fileRef = 30161760153F35C20060CBDD /* OpenSans-LightItalic.ttf */; };
		30161766153F35FC0060CBDD /* OpenSans-Semibold.ttf in Copy Fonts */ = {isa = PBXBuildFile; fileRef = 30161761153F35C20060CBDD /* OpenSans-Semibold.ttf */; };
		3080FCF11539D1890058D7EA /* note-grey-down.png in Resources */ = {isa = PBXBuildFile; fileRef = 3080FCEF1539D1890058D7EA /* note-grey-down.png */; };
		3080FCF21539D1890058D7EA /* note-grey.png in Resources */ = {isa = PBXBuildFile; fileRef = 3080FCF01539D1890058D7EA /* note-grey.png */; };
		3080FCF51539DA590058D7EA /* record.png in Resources */ = {isa = PBXBuildFile; fileRef = 3080FCF41539DA590058D7EA /* record.png */; };
		3080FCF81539DAD90058D7EA /* PLARecordImageView.m in Sources */ = {isa = PBXBuildFile; fileRef = 3080FCF71539DAD90058D7EA /* PLARecordImageView.m */; };
		3080FCFD1539FF0E0058D7EA /* play-button-down.png in Resources */ = {isa = PBXBuildFile; fileRef = 3080FCF91539FF0E0058D7EA /* play-button-down.png */; };
		3080FCFE1539FF0E0058D7EA /* play-button.png in Resources */ = {isa = PBXBuildFile; fileRef = 3080FCFA1539FF0E0058D7EA /* play-button.png */; };
		3080FCFF1539FF0E0058D7EA /* stop-button-down.png in Resources */ = {isa = PBXBuildFile; fileRef = 3080FCFB1539FF0E0058D7EA /* stop-button-down.png */; };
		3080FD001539FF0E0058D7EA /* stop-button.png in Resources */ = {isa = PBXBuildFile; fileRef = 3080FCFC1539FF0E0058D7EA /* stop-button.png */; };
		30836C22153C61A200987A13 /* starred-grey-down.png in Resources */ = {isa = PBXBuildFile; fileRef = 30836C1E153C61A200987A13 /* starred-grey-down.png */; };
		30836C23153C61A200987A13 /* starred-grey.png in Resources */ = {isa = PBXBuildFile; fileRef = 30836C1F153C61A200987A13 /* starred-grey.png */; };
		30836C24153C61A200987A13 /* unstarred-grey-down.png in Resources */ = {isa = PBXBuildFile; fileRef = 30836C20153C61A200987A13 /* unstarred-grey-down.png */; };
		30836C25153C61A200987A13 /* unstarred-grey.png in Resources */ = {isa = PBXBuildFile; fileRef = 30836C21153C61A200987A13 /* unstarred-grey.png */; };
		30836C2A153C6AD600987A13 /* starred-pink-down.png in Resources */ = {isa = PBXBuildFile; fileRef = 30836C26153C6AD600987A13 /* starred-pink-down.png */; };
		30836C2B153C6AD600987A13 /* starred-pink.png in Resources */ = {isa = PBXBuildFile; fileRef = 30836C27153C6AD600987A13 /* starred-pink.png */; };
		30836C2C153C6AD600987A13 /* unstarred-pink-down.png in Resources */ = {isa = PBXBuildFile; fileRef = 30836C28153C6AD600987A13 /* unstarred-pink-down.png */; };
		30836C2D153C6AD600987A13 /* unstarred-pink.png in Resources */ = {isa = PBXBuildFile; fileRef = 30836C29153C6AD600987A13 /* unstarred-pink.png */; };
		30836C33153C6DA400987A13 /* record-grey-down.png in Resources */ = {isa = PBXBuildFile; fileRef = 30836C2F153C6DA400987A13 /* record-grey-down.png */; };
		30836C34153C6DA400987A13 /* record-grey.png in Resources */ = {isa = PBXBuildFile; fileRef = 30836C30153C6DA400987A13 /* record-grey.png */; };
		30836C35153C6DA400987A13 /* record-pink-down.png in Resources */ = {isa = PBXBuildFile; fileRef = 30836C31153C6DA400987A13 /* record-pink-down.png */; };
		30836C36153C6DA400987A13 /* record-pink.png in Resources */ = {isa = PBXBuildFile; fileRef = 30836C32153C6DA400987A13 /* record-pink.png */; };
		30836C3F153C864900987A13 /* NSWindow_Flipr.m in Sources */ = {isa = PBXBuildFile; fileRef = 30836C3E153C864900987A13 /* NSWindow_Flipr.m */; };
		309006E9153E08E000FB297F /* cog-down.png in Resources */ = {isa = PBXBuildFile; fileRef = 309006E7153E08E000FB297F /* cog-down.png */; };
		309006EA153E08E000FB297F /* cog.png in Resources */ = {isa = PBXBuildFile; fileRef = 309006E8153E08E000FB297F /* cog.png */; };
		309A9E8D153F246B00D664F3 /* PLALoginHeaderBackgroundView.m in Sources */ = {isa = PBXBuildFile; fileRef = 309A9E8C153F246B00D664F3 /* PLALoginHeaderBackgroundView.m */; };
		30A3B3BA15359D2E009DA3E0 /* NSObject+SPInvocationGrabbing.m in Sources */ = {isa = PBXBuildFile; fileRef = 30A3B3B415359D2E009DA3E0 /* NSObject+SPInvocationGrabbing.m */; };
		30A3B3BB15359D2E009DA3E0 /* SPMediaKeyTap.m in Sources */ = {isa = PBXBuildFile; fileRef = 30A3B3B615359D2E009DA3E0 /* SPMediaKeyTap.m */; };
		30A3B3C31535C5D7009DA3E0 /* PLAQueueWindowController.m in Sources */ = {isa = PBXBuildFile; fileRef = 30A3B3C11535C5D7009DA3E0 /* PLAQueueWindowController.m */; };
		30A3B3C41535C5D7009DA3E0 /* PLAQueueWindow.xib in Resources */ = {isa = PBXBuildFile; fileRef = 30A3B3C21535C5D7009DA3E0 /* PLAQueueWindow.xib */; };
		30EE1B3A15383D4700AD9DF2 /* status-icon-off.png in Resources */ = {isa = PBXBuildFile; fileRef = 30EE1B3815383D4700AD9DF2 /* status-icon-off.png */; };
		30EE1B3B15383D4700AD9DF2 /* status-icon-on.png in Resources */ = {isa = PBXBuildFile; fileRef = 30EE1B3915383D4700AD9DF2 /* status-icon-on.png */; };
		30EE1B3D15383E8000AD9DF2 /* status-icon-inverted.png in Resources */ = {isa = PBXBuildFile; fileRef = 30EE1B3C15383E8000AD9DF2 /* status-icon-inverted.png */; };
		30EE1B40153840FD00AD9DF2 /* PLAHeaderBarBackgroundView.m in Sources */ = {isa = PBXBuildFile; fileRef = 30EE1B3F153840FD00AD9DF2 /* PLAHeaderBarBackgroundView.m */; };
		30EE1B4D15384AB000AD9DF2 /* now-playing-background.png in Resources */ = {isa = PBXBuildFile; fileRef = 30EE1B4C15384AB000AD9DF2 /* now-playing-background.png */; };
		30EE1B5015384CF400AD9DF2 /* PLAQueueImageView.m in Sources */ = {isa = PBXBuildFile; fileRef = 30EE1B4F15384CF400AD9DF2 /* PLAQueueImageView.m */; };
		30EE1B9B15386BFF00AD9DF2 /* PLAShadowTextField.m in Sources */ = {isa = PBXBuildFile; fileRef = 30EE1B9A15386BFF00AD9DF2 /* PLAShadowTextField.m */; };
		30EE1B9E15386F8000AD9DF2 /* PLAQueueWhiteTextField.m in Sources */ = {isa = PBXBuildFile; fileRef = 30EE1B9D15386F8000AD9DF2 /* PLAQueueWhiteTextField.m */; };
		30EE1BA21538834A00AD9DF2 /* note-pink-down.png in Resources */ = {isa = PBXBuildFile; fileRef = 30EE1BA01538834A00AD9DF2 /* note-pink-down.png */; };
		30EE1BA31538834A00AD9DF2 /* note-pink.png in Resources */ = {isa = PBXBuildFile; fileRef = 30EE1BA11538834A00AD9DF2 /* note-pink.png */; };
		30FCE81F1538CCA600E70B42 /* PLAQueueDarkAlbumTextField.m in Sources */ = {isa = PBXBuildFile; fileRef = 30FCE81E1538CCA600E70B42 /* PLAQueueDarkAlbumTextField.m */; };
		E032805E153560680077B17B /* PLAItemWindow.m in Sources */ = {isa = PBXBuildFile; fileRef = E032805D153560680077B17B /* PLAItemWindow.m */; };
		E0328061153561180077B17B /* QuartzCore.framework in Frameworks */ = {isa = PBXBuildFile; fileRef = E0328060153561180077B17B /* QuartzCore.framework */; };
		E051B0A71535569C007DC4F7 /* PLAItemLogInWindowController.m in Sources */ = {isa = PBXBuildFile; fileRef = E051B0A51535569C007DC4F7 /* PLAItemLogInWindowController.m */; };
		E051B0A81535569C007DC4F7 /* PLAItemLogInWindow.xib in Resources */ = {isa = PBXBuildFile; fileRef = E051B0A61535569C007DC4F7 /* PLAItemLogInWindow.xib */; };
		E058E22415332C4C0079B226 /* Default.png in Resources */ = {isa = PBXBuildFile; fileRef = E058E21F15332C4C0079B226 /* Default.png */; };
		E058E22515332C4C0079B226 /* Default@2x.png in Resources */ = {isa = PBXBuildFile; fileRef = E058E22015332C4C0079B226 /* Default@2x.png */; };
		E058E22615332C4C0079B226 /* icon-72.png in Resources */ = {isa = PBXBuildFile; fileRef = E058E22115332C4C0079B226 /* icon-72.png */; };
		E058E22715332C4C0079B226 /* icon.png in Resources */ = {isa = PBXBuildFile; fileRef = E058E22215332C4C0079B226 /* icon.png */; };
		E058E22815332C4C0079B226 /* icon@2x.png in Resources */ = {isa = PBXBuildFile; fileRef = E058E22315332C4C0079B226 /* icon@2x.png */; };
		E058E242153334860079B226 /* Pusher.framework in Frameworks */ = {isa = PBXBuildFile; fileRef = E058E22C153334860079B226 /* Pusher.framework */; };
		E058E245153334860079B226 /* README.txt in Resources */ = {isa = PBXBuildFile; fileRef = E058E22E153334860079B226 /* README.txt */; };
		E058E247153334860079B226 /* libPusher-combined.a in Frameworks */ = {isa = PBXBuildFile; fileRef = E058E23F153334860079B226 /* libPusher-combined.a */; };
		E058E25715333AB50079B226 /* SystemConfiguration.framework in Frameworks */ = {isa = PBXBuildFile; fileRef = E058E2551533381F0079B226 /* SystemConfiguration.framework */; };
		E058E25E15333AE40079B226 /* CoreGraphics.framework in Frameworks */ = {isa = PBXBuildFile; fileRef = E058E25C15333ADB0079B226 /* CoreGraphics.framework */; };
		E058E25F15333AE70079B226 /* Foundation.framework in Frameworks */ = {isa = PBXBuildFile; fileRef = E058E25A15333AD10079B226 /* Foundation.framework */; };
		E058E26015333AEA0079B226 /* UIKit.framework in Frameworks */ = {isa = PBXBuildFile; fileRef = E058E25815333AC80079B226 /* UIKit.framework */; };
		E058E26215333B360079B226 /* libicucore.dylib in Frameworks */ = {isa = PBXBuildFile; fileRef = E058E26115333B360079B226 /* libicucore.dylib */; };
		E058E274153376E80079B226 /* PLAPlayClient.m in Sources */ = {isa = PBXBuildFile; fileRef = E058E271153376E80079B226 /* PLAPlayClient.m */; };
		E058E275153376E80079B226 /* PLAPlayClient.m in Sources */ = {isa = PBXBuildFile; fileRef = E058E271153376E80079B226 /* PLAPlayClient.m */; };
		E058E276153376E80079B226 /* PLATrack.m in Sources */ = {isa = PBXBuildFile; fileRef = E058E273153376E80079B226 /* PLATrack.m */; };
		E058E277153376E80079B226 /* PLATrack.m in Sources */ = {isa = PBXBuildFile; fileRef = E058E273153376E80079B226 /* PLATrack.m */; };
		E058E27A153377160079B226 /* PLAController.m in Sources */ = {isa = PBXBuildFile; fileRef = E058E279153377160079B226 /* PLAController.m */; };
		E058E27B153377160079B226 /* PLAController.m in Sources */ = {isa = PBXBuildFile; fileRef = E058E279153377160079B226 /* PLAController.m */; };
		E058E284153390A00079B226 /* Pusher.framework in Copy Frameworks */ = {isa = PBXBuildFile; fileRef = E058E22C153334860079B226 /* Pusher.framework */; };
		E05AEBEE1533D97E0094566C /* Foundation.framework in Frameworks */ = {isa = PBXBuildFile; fileRef = E05AEBED1533D97E0094566C /* Foundation.framework */; };
		E05AEBF01533D9840094566C /* Cocoa.framework in Frameworks */ = {isa = PBXBuildFile; fileRef = E05AEBEF1533D9840094566C /* Cocoa.framework */; };
		E05AEBF21533D98B0094566C /* AppKit.framework in Frameworks */ = {isa = PBXBuildFile; fileRef = E05AEBF11533D98B0094566C /* AppKit.framework */; };
		E05AEBF41533D9930094566C /* Security.framework in Frameworks */ = {isa = PBXBuildFile; fileRef = E05AEBF31533D9930094566C /* Security.framework */; };
		E05AEBF61533D9990094566C /* AudioToolbox.framework in Frameworks */ = {isa = PBXBuildFile; fileRef = E05AEBF51533D9990094566C /* AudioToolbox.framework */; };
		E05AEBF81533D9AA0094566C /* SystemConfiguration.framework in Frameworks */ = {isa = PBXBuildFile; fileRef = E05AEBF71533D9AA0094566C /* SystemConfiguration.framework */; };
		E05AEBFC1533DA340094566C /* libicucore.dylib in Frameworks */ = {isa = PBXBuildFile; fileRef = E05AEBFB1533DA340094566C /* libicucore.dylib */; };
		E05AEBFE1533DA580094566C /* CoreAudio.framework in Frameworks */ = {isa = PBXBuildFile; fileRef = E05AEBFD1533DA580094566C /* CoreAudio.framework */; };
		E05AEC001533DAD00094566C /* AVFoundation.framework in Frameworks */ = {isa = PBXBuildFile; fileRef = E05AEBFF1533DAD00094566C /* AVFoundation.framework */; };
		E05AEC0E1534B6BE0094566C /* PLALogInViewControllerViewController.m in Sources */ = {isa = PBXBuildFile; fileRef = E05AEC0C1534B6BE0094566C /* PLALogInViewControllerViewController.m */; };
		E05AEC0F1534B6BE0094566C /* PLALogInViewControllerViewController.xib in Resources */ = {isa = PBXBuildFile; fileRef = E05AEC0D1534B6BE0094566C /* PLALogInViewControllerViewController.xib */; };
		E0783F301533187E003EA138 /* AFHTTPClient.m in Sources */ = {isa = PBXBuildFile; fileRef = E0783EE21533187D003EA138 /* AFHTTPClient.m */; };
		E0783F311533187E003EA138 /* AFHTTPRequestOperation.m in Sources */ = {isa = PBXBuildFile; fileRef = E0783EE41533187D003EA138 /* AFHTTPRequestOperation.m */; };
		E0783F321533187E003EA138 /* AFImageRequestOperation.m in Sources */ = {isa = PBXBuildFile; fileRef = E0783EE61533187D003EA138 /* AFImageRequestOperation.m */; };
		E0783F331533187E003EA138 /* AFJSONRequestOperation.m in Sources */ = {isa = PBXBuildFile; fileRef = E0783EE81533187D003EA138 /* AFJSONRequestOperation.m */; };
		E0783F341533187E003EA138 /* AFJSONUtilities.m in Sources */ = {isa = PBXBuildFile; fileRef = E0783EEA1533187D003EA138 /* AFJSONUtilities.m */; };
		E0783F351533187E003EA138 /* AFNetworkActivityIndicatorManager.m in Sources */ = {isa = PBXBuildFile; fileRef = E0783EEC1533187D003EA138 /* AFNetworkActivityIndicatorManager.m */; };
		E0783F361533187E003EA138 /* AFPropertyListRequestOperation.m in Sources */ = {isa = PBXBuildFile; fileRef = E0783EEF1533187D003EA138 /* AFPropertyListRequestOperation.m */; };
		E0783F371533187E003EA138 /* AFURLConnectionOperation.m in Sources */ = {isa = PBXBuildFile; fileRef = E0783EF11533187D003EA138 /* AFURLConnectionOperation.m */; };
		E0783F381533187E003EA138 /* AFXMLRequestOperation.m in Sources */ = {isa = PBXBuildFile; fileRef = E0783EF31533187D003EA138 /* AFXMLRequestOperation.m */; };
		E0783F391533187E003EA138 /* UIImageView+AFNetworking.m in Sources */ = {isa = PBXBuildFile; fileRef = E0783EF51533187D003EA138 /* UIImageView+AFNetworking.m */; };
		E0783F3A1533187E003EA138 /* AudioStreamer.m in Sources */ = {isa = PBXBuildFile; fileRef = E0783EF81533187D003EA138 /* AudioStreamer.m */; };
		E0783F3B1533187E003EA138 /* UIDevice+Hardware.m in Sources */ = {isa = PBXBuildFile; fileRef = E0783EFA1533187D003EA138 /* UIDevice+Hardware.m */; };
		E0783F3C1533187E003EA138 /* SDImageCache.m in Sources */ = {isa = PBXBuildFile; fileRef = E0783EFD1533187D003EA138 /* SDImageCache.m */; };
		E0783F3D1533187E003EA138 /* SDWebImageDecoder.m in Sources */ = {isa = PBXBuildFile; fileRef = E0783F011533187D003EA138 /* SDWebImageDecoder.m */; };
		E0783F3E1533187E003EA138 /* SDWebImageDownloader.m in Sources */ = {isa = PBXBuildFile; fileRef = E0783F031533187D003EA138 /* SDWebImageDownloader.m */; };
		E0783F3F1533187E003EA138 /* SDWebImageManager.m in Sources */ = {isa = PBXBuildFile; fileRef = E0783F061533187D003EA138 /* SDWebImageManager.m */; };
		E0783F401533187E003EA138 /* SDWebImagePrefetcher.m in Sources */ = {isa = PBXBuildFile; fileRef = E0783F091533187D003EA138 /* SDWebImagePrefetcher.m */; };
		E0783F411533187E003EA138 /* UIButton+WebCache.m in Sources */ = {isa = PBXBuildFile; fileRef = E0783F0B1533187D003EA138 /* UIButton+WebCache.m */; };
		E0783F421533187E003EA138 /* UIImageView+WebCache.m in Sources */ = {isa = PBXBuildFile; fileRef = E0783F0D1533187D003EA138 /* UIImageView+WebCache.m */; };
		E0783F431533187E003EA138 /* SFHFKeychainUtils.m in Sources */ = {isa = PBXBuildFile; fileRef = E0783F0F1533187D003EA138 /* SFHFKeychainUtils.m */; };
		E0783F5B15331A1E003EA138 /* AudioStreamer.m in Sources */ = {isa = PBXBuildFile; fileRef = E0783EF81533187D003EA138 /* AudioStreamer.m */; };
		E0783F7415331ADF003EA138 /* AFHTTPClient.m in Sources */ = {isa = PBXBuildFile; fileRef = E0783EE21533187D003EA138 /* AFHTTPClient.m */; };
		E0783F7515331ADF003EA138 /* AFHTTPRequestOperation.m in Sources */ = {isa = PBXBuildFile; fileRef = E0783EE41533187D003EA138 /* AFHTTPRequestOperation.m */; };
		E0783F7615331ADF003EA138 /* AFImageRequestOperation.m in Sources */ = {isa = PBXBuildFile; fileRef = E0783EE61533187D003EA138 /* AFImageRequestOperation.m */; };
		E0783F7715331ADF003EA138 /* AFJSONRequestOperation.m in Sources */ = {isa = PBXBuildFile; fileRef = E0783EE81533187D003EA138 /* AFJSONRequestOperation.m */; };
		E0783F7815331ADF003EA138 /* AFJSONUtilities.m in Sources */ = {isa = PBXBuildFile; fileRef = E0783EEA1533187D003EA138 /* AFJSONUtilities.m */; };
		E0783F7915331ADF003EA138 /* AFNetworkActivityIndicatorManager.m in Sources */ = {isa = PBXBuildFile; fileRef = E0783EEC1533187D003EA138 /* AFNetworkActivityIndicatorManager.m */; };
		E0783F7A15331ADF003EA138 /* AFPropertyListRequestOperation.m in Sources */ = {isa = PBXBuildFile; fileRef = E0783EEF1533187D003EA138 /* AFPropertyListRequestOperation.m */; };
		E0783F7B15331ADF003EA138 /* AFURLConnectionOperation.m in Sources */ = {isa = PBXBuildFile; fileRef = E0783EF11533187D003EA138 /* AFURLConnectionOperation.m */; };
		E0783F7C15331ADF003EA138 /* AFXMLRequestOperation.m in Sources */ = {isa = PBXBuildFile; fileRef = E0783EF31533187D003EA138 /* AFXMLRequestOperation.m */; };
		E0783F7D15331ADF003EA138 /* UIImageView+AFNetworking.m in Sources */ = {isa = PBXBuildFile; fileRef = E0783EF51533187D003EA138 /* UIImageView+AFNetworking.m */; };
		E0C965BE1533279D001D52BF /* PLAItemAppDelegate.m in Sources */ = {isa = PBXBuildFile; fileRef = E0C965AD1533279D001D52BF /* PLAItemAppDelegate.m */; };
		E0C965BF1533279D001D52BF /* IgnoredAudioProcesses.plist in Resources */ = {isa = PBXBuildFile; fileRef = E0C965AF1533279D001D52BF /* IgnoredAudioProcesses.plist */; };
		E0C965C01533279D001D52BF /* Play-Info.plist in Resources */ = {isa = PBXBuildFile; fileRef = E0C965B01533279D001D52BF /* Play-Info.plist */; };
		E0C965C11533279D001D52BF /* Credits.rtf in Resources */ = {isa = PBXBuildFile; fileRef = E0C965B21533279D001D52BF /* Credits.rtf */; };
		E0C965C21533279D001D52BF /* InfoPlist.strings in Resources */ = {isa = PBXBuildFile; fileRef = E0C965B41533279D001D52BF /* InfoPlist.strings */; };
		E0C965C31533279D001D52BF /* MainMenu.xib in Resources */ = {isa = PBXBuildFile; fileRef = E0C965B61533279D001D52BF /* MainMenu.xib */; };
		E0C965C41533279D001D52BF /* icon.icns in Resources */ = {isa = PBXBuildFile; fileRef = E0C965B81533279D001D52BF /* icon.icns */; };
		E0C965C51533279D001D52BF /* main.m in Sources */ = {isa = PBXBuildFile; fileRef = E0C965B91533279D001D52BF /* main.m */; };
		E0C965E3153327A6001D52BF /* PLAPlayerViewController.m in Sources */ = {isa = PBXBuildFile; fileRef = E0C965CD153327A6001D52BF /* PLAPlayerViewController.m */; };
		E0C965E5153327A6001D52BF /* PLAPlayerViewController_iPhone.xib in Resources */ = {isa = PBXBuildFile; fileRef = E0C965CF153327A6001D52BF /* PLAPlayerViewController_iPhone.xib */; };
		E0C965E6153327A6001D52BF /* PLAIOSAppDelegate.m in Sources */ = {isa = PBXBuildFile; fileRef = E0C965D1153327A6001D52BF /* PLAIOSAppDelegate.m */; };
		E0C965E7153327A6001D52BF /* Play-iOS-Info.plist in Resources */ = {isa = PBXBuildFile; fileRef = E0C965D3153327A6001D52BF /* Play-iOS-Info.plist */; };
		E0C965E8153327A6001D52BF /* InfoPlist.strings in Resources */ = {isa = PBXBuildFile; fileRef = E0C965D5153327A6001D52BF /* InfoPlist.strings */; };
		E0C965E9153327A6001D52BF /* main.m in Sources */ = {isa = PBXBuildFile; fileRef = E0C965D7153327A6001D52BF /* main.m */; };
		E0C965EA153327A6001D52BF /* bottom-shadow.png in Resources */ = {isa = PBXBuildFile; fileRef = E0C965D9153327A6001D52BF /* bottom-shadow.png */; };
		E0C965EB153327A6001D52BF /* bottom-shadow@2x.png in Resources */ = {isa = PBXBuildFile; fileRef = E0C965DA153327A6001D52BF /* bottom-shadow@2x.png */; };
		E0C965EC153327A6001D52BF /* button-pause.png in Resources */ = {isa = PBXBuildFile; fileRef = E0C965DB153327A6001D52BF /* button-pause.png */; };
		E0C965ED153327A6001D52BF /* button-pause@2x.png in Resources */ = {isa = PBXBuildFile; fileRef = E0C965DC153327A6001D52BF /* button-pause@2x.png */; };
		E0C965EE153327A6001D52BF /* button-play.png in Resources */ = {isa = PBXBuildFile; fileRef = E0C965DD153327A6001D52BF /* button-play.png */; };
		E0C965EF153327A6001D52BF /* button-play@2x.png in Resources */ = {isa = PBXBuildFile; fileRef = E0C965DE153327A6001D52BF /* button-play@2x.png */; };
		E0C965F0153327A6001D52BF /* default_album.png in Resources */ = {isa = PBXBuildFile; fileRef = E0C965DF153327A6001D52BF /* default_album.png */; };
		E0C965F1153327A6001D52BF /* default_album@2x.png in Resources */ = {isa = PBXBuildFile; fileRef = E0C965E0153327A6001D52BF /* default_album@2x.png */; };
		E0C965F2153327A6001D52BF /* shadow.png in Resources */ = {isa = PBXBuildFile; fileRef = E0C965E1153327A6001D52BF /* shadow.png */; };
		E0C965F3153327A6001D52BF /* shadow@2x.png in Resources */ = {isa = PBXBuildFile; fileRef = E0C965E2153327A6001D52BF /* shadow@2x.png */; };
		E0CAF63B153325DB007EE510 /* MediaPlayer.framework in Frameworks */ = {isa = PBXBuildFile; fileRef = E0CAF63A153325DB007EE510 /* MediaPlayer.framework */; };
		E0CAF642153325FA007EE510 /* CoreAudio.framework in Frameworks */ = {isa = PBXBuildFile; fileRef = E0CAF641153325FA007EE510 /* CoreAudio.framework */; };
		E0CAF64415332610007EE510 /* AudioToolbox.framework in Frameworks */ = {isa = PBXBuildFile; fileRef = E0CAF64315332610007EE510 /* AudioToolbox.framework */; };
		E0CAF64615332619007EE510 /* CFNetwork.framework in Frameworks */ = {isa = PBXBuildFile; fileRef = E0CAF64515332619007EE510 /* CFNetwork.framework */; };
		E0CAF64815332623007EE510 /* AVFoundation.framework in Frameworks */ = {isa = PBXBuildFile; fileRef = E0CAF64715332623007EE510 /* AVFoundation.framework */; };
		E0CAF64A15332631007EE510 /* Security.framework in Frameworks */ = {isa = PBXBuildFile; fileRef = E0CAF64915332631007EE510 /* Security.framework */; };
/* End PBXBuildFile section */

/* Begin PBXCopyFilesBuildPhase section */
		30161764153F35DF0060CBDD /* Copy Fonts */ = {
			isa = PBXCopyFilesBuildPhase;
			buildActionMask = 2147483647;
			dstPath = Fonts;
			dstSubfolderSpec = 7;
			files = (
				30161765153F35FC0060CBDD /* OpenSans-LightItalic.ttf in Copy Fonts */,
				30161766153F35FC0060CBDD /* OpenSans-Semibold.ttf in Copy Fonts */,
			);
			name = "Copy Fonts";
			runOnlyForDeploymentPostprocessing = 0;
		};
		E058E2831533909A0079B226 /* Copy Frameworks */ = {
			isa = PBXCopyFilesBuildPhase;
			buildActionMask = 2147483647;
			dstPath = "";
			dstSubfolderSpec = 10;
			files = (
				E058E284153390A00079B226 /* Pusher.framework in Copy Frameworks */,
			);
			name = "Copy Frameworks";
			runOnlyForDeploymentPostprocessing = 0;
		};
/* End PBXCopyFilesBuildPhase section */

/* Begin PBXFileReference section */
		30083B3A153D83F300E795DA /* XFloatSecondsToHMSStringTransformer.h */ = {isa = PBXFileReference; fileEncoding = 4; lastKnownFileType = sourcecode.c.h; name = XFloatSecondsToHMSStringTransformer.h; path = vendor/XFloatSecondsToHMSStringTransformer/XFloatSecondsToHMSStringTransformer.h; sourceTree = SOURCE_ROOT; };
		30083B3B153D83F300E795DA /* XFloatSecondsToHMSStringTransformer.m */ = {isa = PBXFileReference; fileEncoding = 4; lastKnownFileType = sourcecode.c.objc; name = XFloatSecondsToHMSStringTransformer.m; path = vendor/XFloatSecondsToHMSStringTransformer/XFloatSecondsToHMSStringTransformer.m; sourceTree = SOURCE_ROOT; };
		30122ACC1539AFE300A2E507 /* PLAQueueTableCellView.h */ = {isa = PBXFileReference; fileEncoding = 4; lastKnownFileType = sourcecode.c.h; path = PLAQueueTableCellView.h; sourceTree = "<group>"; };
		30122ACD1539AFE300A2E507 /* PLAQueueTableCellView.m */ = {isa = PBXFileReference; fileEncoding = 4; lastKnownFileType = sourcecode.c.objc; path = PLAQueueTableCellView.m; sourceTree = "<group>"; };
		30161760153F35C20060CBDD /* OpenSans-LightItalic.ttf */ = {isa = PBXFileReference; lastKnownFileType = file; path = "OpenSans-LightItalic.ttf"; sourceTree = "<group>"; };
		30161761153F35C20060CBDD /* OpenSans-Semibold.ttf */ = {isa = PBXFileReference; lastKnownFileType = file; path = "OpenSans-Semibold.ttf"; sourceTree = "<group>"; };
		3080FCEF1539D1890058D7EA /* note-grey-down.png */ = {isa = PBXFileReference; lastKnownFileType = image.png; path = "note-grey-down.png"; sourceTree = "<group>"; };
		3080FCF01539D1890058D7EA /* note-grey.png */ = {isa = PBXFileReference; lastKnownFileType = image.png; path = "note-grey.png"; sourceTree = "<group>"; };
		3080FCF41539DA590058D7EA /* record.png */ = {isa = PBXFileReference; lastKnownFileType = image.png; path = record.png; sourceTree = "<group>"; };
		3080FCF61539DAD90058D7EA /* PLARecordImageView.h */ = {isa = PBXFileReference; fileEncoding = 4; lastKnownFileType = sourcecode.c.h; path = PLARecordImageView.h; sourceTree = "<group>"; };
		3080FCF71539DAD90058D7EA /* PLARecordImageView.m */ = {isa = PBXFileReference; fileEncoding = 4; lastKnownFileType = sourcecode.c.objc; path = PLARecordImageView.m; sourceTree = "<group>"; };
		3080FCF91539FF0E0058D7EA /* play-button-down.png */ = {isa = PBXFileReference; lastKnownFileType = image.png; path = "play-button-down.png"; sourceTree = "<group>"; };
		3080FCFA1539FF0E0058D7EA /* play-button.png */ = {isa = PBXFileReference; lastKnownFileType = image.png; path = "play-button.png"; sourceTree = "<group>"; };
		3080FCFB1539FF0E0058D7EA /* stop-button-down.png */ = {isa = PBXFileReference; lastKnownFileType = image.png; path = "stop-button-down.png"; sourceTree = "<group>"; };
		3080FCFC1539FF0E0058D7EA /* stop-button.png */ = {isa = PBXFileReference; lastKnownFileType = image.png; path = "stop-button.png"; sourceTree = "<group>"; };
		30836C1E153C61A200987A13 /* starred-grey-down.png */ = {isa = PBXFileReference; lastKnownFileType = image.png; path = "starred-grey-down.png"; sourceTree = "<group>"; };
		30836C1F153C61A200987A13 /* starred-grey.png */ = {isa = PBXFileReference; lastKnownFileType = image.png; path = "starred-grey.png"; sourceTree = "<group>"; };
		30836C20153C61A200987A13 /* unstarred-grey-down.png */ = {isa = PBXFileReference; lastKnownFileType = image.png; path = "unstarred-grey-down.png"; sourceTree = "<group>"; };
		30836C21153C61A200987A13 /* unstarred-grey.png */ = {isa = PBXFileReference; lastKnownFileType = image.png; path = "unstarred-grey.png"; sourceTree = "<group>"; };
		30836C26153C6AD600987A13 /* starred-pink-down.png */ = {isa = PBXFileReference; lastKnownFileType = image.png; path = "starred-pink-down.png"; sourceTree = "<group>"; };
		30836C27153C6AD600987A13 /* starred-pink.png */ = {isa = PBXFileReference; lastKnownFileType = image.png; path = "starred-pink.png"; sourceTree = "<group>"; };
		30836C28153C6AD600987A13 /* unstarred-pink-down.png */ = {isa = PBXFileReference; lastKnownFileType = image.png; path = "unstarred-pink-down.png"; sourceTree = "<group>"; };
		30836C29153C6AD600987A13 /* unstarred-pink.png */ = {isa = PBXFileReference; lastKnownFileType = image.png; path = "unstarred-pink.png"; sourceTree = "<group>"; };
		30836C2F153C6DA400987A13 /* record-grey-down.png */ = {isa = PBXFileReference; lastKnownFileType = image.png; path = "record-grey-down.png"; sourceTree = "<group>"; };
		30836C30153C6DA400987A13 /* record-grey.png */ = {isa = PBXFileReference; lastKnownFileType = image.png; path = "record-grey.png"; sourceTree = "<group>"; };
		30836C31153C6DA400987A13 /* record-pink-down.png */ = {isa = PBXFileReference; lastKnownFileType = image.png; path = "record-pink-down.png"; sourceTree = "<group>"; };
		30836C32153C6DA400987A13 /* record-pink.png */ = {isa = PBXFileReference; lastKnownFileType = image.png; path = "record-pink.png"; sourceTree = "<group>"; };
		30836C3D153C864900987A13 /* NSWindow_Flipr.h */ = {isa = PBXFileReference; fileEncoding = 4; lastKnownFileType = sourcecode.c.h; path = NSWindow_Flipr.h; sourceTree = "<group>"; };
		30836C3E153C864900987A13 /* NSWindow_Flipr.m */ = {isa = PBXFileReference; fileEncoding = 4; lastKnownFileType = sourcecode.c.objc; path = NSWindow_Flipr.m; sourceTree = "<group>"; };
		309006E7153E08E000FB297F /* cog-down.png */ = {isa = PBXFileReference; lastKnownFileType = image.png; path = "cog-down.png"; sourceTree = "<group>"; };
		309006E8153E08E000FB297F /* cog.png */ = {isa = PBXFileReference; lastKnownFileType = image.png; path = cog.png; sourceTree = "<group>"; };
		309A9E8B153F246B00D664F3 /* PLALoginHeaderBackgroundView.h */ = {isa = PBXFileReference; fileEncoding = 4; lastKnownFileType = sourcecode.c.h; path = PLALoginHeaderBackgroundView.h; sourceTree = "<group>"; };
		309A9E8C153F246B00D664F3 /* PLALoginHeaderBackgroundView.m */ = {isa = PBXFileReference; fileEncoding = 4; lastKnownFileType = sourcecode.c.objc; path = PLALoginHeaderBackgroundView.m; sourceTree = "<group>"; };
		30A3B3B315359D2E009DA3E0 /* NSObject+SPInvocationGrabbing.h */ = {isa = PBXFileReference; fileEncoding = 4; lastKnownFileType = sourcecode.c.h; path = "NSObject+SPInvocationGrabbing.h"; sourceTree = "<group>"; };
		30A3B3B415359D2E009DA3E0 /* NSObject+SPInvocationGrabbing.m */ = {isa = PBXFileReference; fileEncoding = 4; lastKnownFileType = sourcecode.c.objc; path = "NSObject+SPInvocationGrabbing.m"; sourceTree = "<group>"; };
		30A3B3B515359D2E009DA3E0 /* SPMediaKeyTap.h */ = {isa = PBXFileReference; fileEncoding = 4; lastKnownFileType = sourcecode.c.h; path = SPMediaKeyTap.h; sourceTree = "<group>"; };
		30A3B3B615359D2E009DA3E0 /* SPMediaKeyTap.m */ = {isa = PBXFileReference; fileEncoding = 4; lastKnownFileType = sourcecode.c.objc; path = SPMediaKeyTap.m; sourceTree = "<group>"; };
		30A3B3C01535C5D7009DA3E0 /* PLAQueueWindowController.h */ = {isa = PBXFileReference; fileEncoding = 4; lastKnownFileType = sourcecode.c.h; path = PLAQueueWindowController.h; sourceTree = "<group>"; };
		30A3B3C11535C5D7009DA3E0 /* PLAQueueWindowController.m */ = {isa = PBXFileReference; fileEncoding = 4; lastKnownFileType = sourcecode.c.objc; path = PLAQueueWindowController.m; sourceTree = "<group>"; };
		30A3B3C21535C5D7009DA3E0 /* PLAQueueWindow.xib */ = {isa = PBXFileReference; fileEncoding = 4; lastKnownFileType = file.xib; path = PLAQueueWindow.xib; sourceTree = "<group>"; };
		30EE1B3815383D4700AD9DF2 /* status-icon-off.png */ = {isa = PBXFileReference; lastKnownFileType = image.png; path = "status-icon-off.png"; sourceTree = "<group>"; };
		30EE1B3915383D4700AD9DF2 /* status-icon-on.png */ = {isa = PBXFileReference; lastKnownFileType = image.png; path = "status-icon-on.png"; sourceTree = "<group>"; };
		30EE1B3C15383E8000AD9DF2 /* status-icon-inverted.png */ = {isa = PBXFileReference; lastKnownFileType = image.png; path = "status-icon-inverted.png"; sourceTree = "<group>"; };
		30EE1B3E153840FD00AD9DF2 /* PLAHeaderBarBackgroundView.h */ = {isa = PBXFileReference; fileEncoding = 4; lastKnownFileType = sourcecode.c.h; path = PLAHeaderBarBackgroundView.h; sourceTree = "<group>"; };
		30EE1B3F153840FD00AD9DF2 /* PLAHeaderBarBackgroundView.m */ = {isa = PBXFileReference; fileEncoding = 4; lastKnownFileType = sourcecode.c.objc; path = PLAHeaderBarBackgroundView.m; sourceTree = "<group>"; };
		30EE1B4C15384AB000AD9DF2 /* now-playing-background.png */ = {isa = PBXFileReference; lastKnownFileType = image.png; path = "now-playing-background.png"; sourceTree = "<group>"; };
		30EE1B4E15384CF400AD9DF2 /* PLAQueueImageView.h */ = {isa = PBXFileReference; fileEncoding = 4; lastKnownFileType = sourcecode.c.h; path = PLAQueueImageView.h; sourceTree = "<group>"; };
		30EE1B4F15384CF400AD9DF2 /* PLAQueueImageView.m */ = {isa = PBXFileReference; fileEncoding = 4; lastKnownFileType = sourcecode.c.objc; path = PLAQueueImageView.m; sourceTree = "<group>"; };
		30EE1B9915386BFF00AD9DF2 /* PLAShadowTextField.h */ = {isa = PBXFileReference; fileEncoding = 4; lastKnownFileType = sourcecode.c.h; path = PLAShadowTextField.h; sourceTree = "<group>"; };
		30EE1B9A15386BFF00AD9DF2 /* PLAShadowTextField.m */ = {isa = PBXFileReference; fileEncoding = 4; lastKnownFileType = sourcecode.c.objc; path = PLAShadowTextField.m; sourceTree = "<group>"; };
		30EE1B9C15386F8000AD9DF2 /* PLAQueueWhiteTextField.h */ = {isa = PBXFileReference; fileEncoding = 4; lastKnownFileType = sourcecode.c.h; path = PLAQueueWhiteTextField.h; sourceTree = "<group>"; };
		30EE1B9D15386F8000AD9DF2 /* PLAQueueWhiteTextField.m */ = {isa = PBXFileReference; fileEncoding = 4; lastKnownFileType = sourcecode.c.objc; path = PLAQueueWhiteTextField.m; sourceTree = "<group>"; };
		30EE1BA01538834A00AD9DF2 /* note-pink-down.png */ = {isa = PBXFileReference; lastKnownFileType = image.png; path = "note-pink-down.png"; sourceTree = "<group>"; };
		30EE1BA11538834A00AD9DF2 /* note-pink.png */ = {isa = PBXFileReference; lastKnownFileType = image.png; path = "note-pink.png"; sourceTree = "<group>"; };
		30FCE81D1538CCA600E70B42 /* PLAQueueDarkAlbumTextField.h */ = {isa = PBXFileReference; fileEncoding = 4; lastKnownFileType = sourcecode.c.h; path = PLAQueueDarkAlbumTextField.h; sourceTree = "<group>"; };
		30FCE81E1538CCA600E70B42 /* PLAQueueDarkAlbumTextField.m */ = {isa = PBXFileReference; fileEncoding = 4; lastKnownFileType = sourcecode.c.objc; path = PLAQueueDarkAlbumTextField.m; sourceTree = "<group>"; };
		E032805C153560680077B17B /* PLAItemWindow.h */ = {isa = PBXFileReference; fileEncoding = 4; lastKnownFileType = sourcecode.c.h; name = PLAItemWindow.h; path = Controllers/PLAItemWindow.h; sourceTree = "<group>"; };
		E032805D153560680077B17B /* PLAItemWindow.m */ = {isa = PBXFileReference; fileEncoding = 4; lastKnownFileType = sourcecode.c.objc; name = PLAItemWindow.m; path = Controllers/PLAItemWindow.m; sourceTree = "<group>"; };
		E0328060153561180077B17B /* QuartzCore.framework */ = {isa = PBXFileReference; lastKnownFileType = wrapper.framework; name = QuartzCore.framework; path = System/Library/Frameworks/QuartzCore.framework; sourceTree = SDKROOT; };
		E051B0A41535569C007DC4F7 /* PLAItemLogInWindowController.h */ = {isa = PBXFileReference; fileEncoding = 4; lastKnownFileType = sourcecode.c.h; path = PLAItemLogInWindowController.h; sourceTree = "<group>"; };
		E051B0A51535569C007DC4F7 /* PLAItemLogInWindowController.m */ = {isa = PBXFileReference; fileEncoding = 4; lastKnownFileType = sourcecode.c.objc; path = PLAItemLogInWindowController.m; sourceTree = "<group>"; };
		E051B0A61535569C007DC4F7 /* PLAItemLogInWindow.xib */ = {isa = PBXFileReference; fileEncoding = 4; lastKnownFileType = file.xib; path = PLAItemLogInWindow.xib; sourceTree = "<group>"; };
		E058E21F15332C4C0079B226 /* Default.png */ = {isa = PBXFileReference; lastKnownFileType = image.png; path = Default.png; sourceTree = "<group>"; };
		E058E22015332C4C0079B226 /* Default@2x.png */ = {isa = PBXFileReference; lastKnownFileType = image.png; path = "Default@2x.png"; sourceTree = "<group>"; };
		E058E22115332C4C0079B226 /* icon-72.png */ = {isa = PBXFileReference; lastKnownFileType = image.png; path = "icon-72.png"; sourceTree = "<group>"; };
		E058E22215332C4C0079B226 /* icon.png */ = {isa = PBXFileReference; lastKnownFileType = image.png; path = icon.png; sourceTree = "<group>"; };
		E058E22315332C4C0079B226 /* icon@2x.png */ = {isa = PBXFileReference; lastKnownFileType = image.png; path = "icon@2x.png"; sourceTree = "<group>"; };
		E058E22C153334860079B226 /* Pusher.framework */ = {isa = PBXFileReference; lastKnownFileType = wrapper.framework; path = Pusher.framework; sourceTree = "<group>"; };
		E058E22E153334860079B226 /* README.txt */ = {isa = PBXFileReference; fileEncoding = 4; lastKnownFileType = text; path = README.txt; sourceTree = "<group>"; };
		E058E230153334860079B226 /* PTEventListener.h */ = {isa = PBXFileReference; fileEncoding = 4; lastKnownFileType = sourcecode.c.h; path = PTEventListener.h; sourceTree = "<group>"; };
		E058E231153334860079B226 /* PTJSON.h */ = {isa = PBXFileReference; fileEncoding = 4; lastKnownFileType = sourcecode.c.h; path = PTJSON.h; sourceTree = "<group>"; };
		E058E232153334860079B226 /* PTJSONParser.h */ = {isa = PBXFileReference; fileEncoding = 4; lastKnownFileType = sourcecode.c.h; path = PTJSONParser.h; sourceTree = "<group>"; };
		E058E233153334860079B226 /* PTPusher.h */ = {isa = PBXFileReference; fileEncoding = 4; lastKnownFileType = sourcecode.c.h; path = PTPusher.h; sourceTree = "<group>"; };
		E058E234153334860079B226 /* PTPusherAPI.h */ = {isa = PBXFileReference; fileEncoding = 4; lastKnownFileType = sourcecode.c.h; path = PTPusherAPI.h; sourceTree = "<group>"; };
		E058E235153334860079B226 /* PTPusherChannel.h */ = {isa = PBXFileReference; fileEncoding = 4; lastKnownFileType = sourcecode.c.h; path = PTPusherChannel.h; sourceTree = "<group>"; };
		E058E236153334860079B226 /* PTPusherConnection.h */ = {isa = PBXFileReference; fileEncoding = 4; lastKnownFileType = sourcecode.c.h; path = PTPusherConnection.h; sourceTree = "<group>"; };
		E058E237153334860079B226 /* PTPusherDelegate.h */ = {isa = PBXFileReference; fileEncoding = 4; lastKnownFileType = sourcecode.c.h; path = PTPusherDelegate.h; sourceTree = "<group>"; };
		E058E238153334860079B226 /* PTPusherErrors.h */ = {isa = PBXFileReference; fileEncoding = 4; lastKnownFileType = sourcecode.c.h; path = PTPusherErrors.h; sourceTree = "<group>"; };
		E058E239153334860079B226 /* PTPusherEvent.h */ = {isa = PBXFileReference; fileEncoding = 4; lastKnownFileType = sourcecode.c.h; path = PTPusherEvent.h; sourceTree = "<group>"; };
		E058E23A153334860079B226 /* PTPusherEventDispatcher.h */ = {isa = PBXFileReference; fileEncoding = 4; lastKnownFileType = sourcecode.c.h; path = PTPusherEventDispatcher.h; sourceTree = "<group>"; };
		E058E23B153334860079B226 /* PTPusherEventPublisher.h */ = {isa = PBXFileReference; fileEncoding = 4; lastKnownFileType = sourcecode.c.h; path = PTPusherEventPublisher.h; sourceTree = "<group>"; };
		E058E23C153334860079B226 /* PTPusherMacros.h */ = {isa = PBXFileReference; fileEncoding = 4; lastKnownFileType = sourcecode.c.h; path = PTPusherMacros.h; sourceTree = "<group>"; };
		E058E23D153334860079B226 /* PTPusherPresenceChannelDelegate.h */ = {isa = PBXFileReference; fileEncoding = 4; lastKnownFileType = sourcecode.c.h; path = PTPusherPresenceChannelDelegate.h; sourceTree = "<group>"; };
		E058E23E153334860079B226 /* SRWebSocket.h */ = {isa = PBXFileReference; fileEncoding = 4; lastKnownFileType = sourcecode.c.h; path = SRWebSocket.h; sourceTree = "<group>"; };
		E058E23F153334860079B226 /* libPusher-combined.a */ = {isa = PBXFileReference; lastKnownFileType = archive.ar; path = "libPusher-combined.a"; sourceTree = "<group>"; };
		E058E2551533381F0079B226 /* SystemConfiguration.framework */ = {isa = PBXFileReference; lastKnownFileType = wrapper.framework; name = SystemConfiguration.framework; path = Platforms/iPhoneOS.platform/Developer/SDKs/iPhoneOS5.1.sdk/System/Library/Frameworks/SystemConfiguration.framework; sourceTree = DEVELOPER_DIR; };
		E058E25815333AC80079B226 /* UIKit.framework */ = {isa = PBXFileReference; lastKnownFileType = wrapper.framework; name = UIKit.framework; path = Platforms/iPhoneOS.platform/Developer/SDKs/iPhoneOS5.1.sdk/System/Library/Frameworks/UIKit.framework; sourceTree = DEVELOPER_DIR; };
		E058E25A15333AD10079B226 /* Foundation.framework */ = {isa = PBXFileReference; lastKnownFileType = wrapper.framework; name = Foundation.framework; path = Platforms/iPhoneOS.platform/Developer/SDKs/iPhoneOS5.1.sdk/System/Library/Frameworks/Foundation.framework; sourceTree = DEVELOPER_DIR; };
		E058E25C15333ADB0079B226 /* CoreGraphics.framework */ = {isa = PBXFileReference; lastKnownFileType = wrapper.framework; name = CoreGraphics.framework; path = Platforms/iPhoneOS.platform/Developer/SDKs/iPhoneOS5.1.sdk/System/Library/Frameworks/CoreGraphics.framework; sourceTree = DEVELOPER_DIR; };
		E058E26115333B360079B226 /* libicucore.dylib */ = {isa = PBXFileReference; lastKnownFileType = "compiled.mach-o.dylib"; name = libicucore.dylib; path = Platforms/iPhoneOS.platform/Developer/SDKs/iPhoneOS5.1.sdk/usr/lib/libicucore.dylib; sourceTree = DEVELOPER_DIR; };
		E058E270153376E80079B226 /* PLAPlayClient.h */ = {isa = PBXFileReference; fileEncoding = 4; lastKnownFileType = sourcecode.c.h; path = PLAPlayClient.h; sourceTree = "<group>"; };
		E058E271153376E80079B226 /* PLAPlayClient.m */ = {isa = PBXFileReference; fileEncoding = 4; lastKnownFileType = sourcecode.c.objc; path = PLAPlayClient.m; sourceTree = "<group>"; };
		E058E272153376E80079B226 /* PLATrack.h */ = {isa = PBXFileReference; fileEncoding = 4; lastKnownFileType = sourcecode.c.h; path = PLATrack.h; sourceTree = "<group>"; };
		E058E273153376E80079B226 /* PLATrack.m */ = {isa = PBXFileReference; fileEncoding = 4; lastKnownFileType = sourcecode.c.objc; path = PLATrack.m; sourceTree = "<group>"; };
		E058E278153377160079B226 /* PLAController.h */ = {isa = PBXFileReference; fileEncoding = 4; lastKnownFileType = sourcecode.c.h; path = PLAController.h; sourceTree = "<group>"; };
		E058E279153377160079B226 /* PLAController.m */ = {isa = PBXFileReference; fileEncoding = 4; lastKnownFileType = sourcecode.c.objc; path = PLAController.m; sourceTree = "<group>"; };
		E058E2811533837E0079B226 /* Reachability.h */ = {isa = PBXFileReference; fileEncoding = 4; lastKnownFileType = sourcecode.c.h; path = Reachability.h; sourceTree = "<group>"; };
		E058E2821533837E0079B226 /* ReachabilityAppDelegate.h */ = {isa = PBXFileReference; fileEncoding = 4; lastKnownFileType = sourcecode.c.h; path = ReachabilityAppDelegate.h; sourceTree = "<group>"; };
		E05AEBED1533D97E0094566C /* Foundation.framework */ = {isa = PBXFileReference; lastKnownFileType = wrapper.framework; name = Foundation.framework; path = System/Library/Frameworks/Foundation.framework; sourceTree = SDKROOT; };
		E05AEBEF1533D9840094566C /* Cocoa.framework */ = {isa = PBXFileReference; lastKnownFileType = wrapper.framework; name = Cocoa.framework; path = System/Library/Frameworks/Cocoa.framework; sourceTree = SDKROOT; };
		E05AEBF11533D98B0094566C /* AppKit.framework */ = {isa = PBXFileReference; lastKnownFileType = wrapper.framework; name = AppKit.framework; path = System/Library/Frameworks/AppKit.framework; sourceTree = SDKROOT; };
		E05AEBF31533D9930094566C /* Security.framework */ = {isa = PBXFileReference; lastKnownFileType = wrapper.framework; name = Security.framework; path = System/Library/Frameworks/Security.framework; sourceTree = SDKROOT; };
		E05AEBF51533D9990094566C /* AudioToolbox.framework */ = {isa = PBXFileReference; lastKnownFileType = wrapper.framework; name = AudioToolbox.framework; path = System/Library/Frameworks/AudioToolbox.framework; sourceTree = SDKROOT; };
		E05AEBF71533D9AA0094566C /* SystemConfiguration.framework */ = {isa = PBXFileReference; lastKnownFileType = wrapper.framework; name = SystemConfiguration.framework; path = System/Library/Frameworks/SystemConfiguration.framework; sourceTree = SDKROOT; };
		E05AEBFB1533DA340094566C /* libicucore.dylib */ = {isa = PBXFileReference; lastKnownFileType = "compiled.mach-o.dylib"; name = libicucore.dylib; path = usr/lib/libicucore.dylib; sourceTree = SDKROOT; };
		E05AEBFD1533DA580094566C /* CoreAudio.framework */ = {isa = PBXFileReference; lastKnownFileType = wrapper.framework; name = CoreAudio.framework; path = System/Library/Frameworks/CoreAudio.framework; sourceTree = SDKROOT; };
		E05AEBFF1533DAD00094566C /* AVFoundation.framework */ = {isa = PBXFileReference; lastKnownFileType = wrapper.framework; name = AVFoundation.framework; path = System/Library/Frameworks/AVFoundation.framework; sourceTree = SDKROOT; };
		E05AEC0B1534B6BE0094566C /* PLALogInViewControllerViewController.h */ = {isa = PBXFileReference; fileEncoding = 4; lastKnownFileType = sourcecode.c.h; path = PLALogInViewControllerViewController.h; sourceTree = "<group>"; };
		E05AEC0C1534B6BE0094566C /* PLALogInViewControllerViewController.m */ = {isa = PBXFileReference; fileEncoding = 4; lastKnownFileType = sourcecode.c.objc; path = PLALogInViewControllerViewController.m; sourceTree = "<group>"; };
		E05AEC0D1534B6BE0094566C /* PLALogInViewControllerViewController.xib */ = {isa = PBXFileReference; fileEncoding = 4; lastKnownFileType = file.xib; path = PLALogInViewControllerViewController.xib; sourceTree = "<group>"; };
		E0783E9A1533168C003EA138 /* Play iOS.app */ = {isa = PBXFileReference; explicitFileType = wrapper.application; includeInIndex = 0; path = "Play iOS.app"; sourceTree = BUILT_PRODUCTS_DIR; };
		E0783EE11533187D003EA138 /* AFHTTPClient.h */ = {isa = PBXFileReference; fileEncoding = 4; lastKnownFileType = sourcecode.c.h; path = AFHTTPClient.h; sourceTree = "<group>"; };
		E0783EE21533187D003EA138 /* AFHTTPClient.m */ = {isa = PBXFileReference; fileEncoding = 4; lastKnownFileType = sourcecode.c.objc; path = AFHTTPClient.m; sourceTree = "<group>"; };
		E0783EE31533187D003EA138 /* AFHTTPRequestOperation.h */ = {isa = PBXFileReference; fileEncoding = 4; lastKnownFileType = sourcecode.c.h; path = AFHTTPRequestOperation.h; sourceTree = "<group>"; };
		E0783EE41533187D003EA138 /* AFHTTPRequestOperation.m */ = {isa = PBXFileReference; fileEncoding = 4; lastKnownFileType = sourcecode.c.objc; path = AFHTTPRequestOperation.m; sourceTree = "<group>"; };
		E0783EE51533187D003EA138 /* AFImageRequestOperation.h */ = {isa = PBXFileReference; fileEncoding = 4; lastKnownFileType = sourcecode.c.h; path = AFImageRequestOperation.h; sourceTree = "<group>"; };
		E0783EE61533187D003EA138 /* AFImageRequestOperation.m */ = {isa = PBXFileReference; fileEncoding = 4; lastKnownFileType = sourcecode.c.objc; path = AFImageRequestOperation.m; sourceTree = "<group>"; };
		E0783EE71533187D003EA138 /* AFJSONRequestOperation.h */ = {isa = PBXFileReference; fileEncoding = 4; lastKnownFileType = sourcecode.c.h; path = AFJSONRequestOperation.h; sourceTree = "<group>"; };
		E0783EE81533187D003EA138 /* AFJSONRequestOperation.m */ = {isa = PBXFileReference; fileEncoding = 4; lastKnownFileType = sourcecode.c.objc; path = AFJSONRequestOperation.m; sourceTree = "<group>"; };
		E0783EE91533187D003EA138 /* AFJSONUtilities.h */ = {isa = PBXFileReference; fileEncoding = 4; lastKnownFileType = sourcecode.c.h; path = AFJSONUtilities.h; sourceTree = "<group>"; };
		E0783EEA1533187D003EA138 /* AFJSONUtilities.m */ = {isa = PBXFileReference; fileEncoding = 4; lastKnownFileType = sourcecode.c.objc; path = AFJSONUtilities.m; sourceTree = "<group>"; };
		E0783EEB1533187D003EA138 /* AFNetworkActivityIndicatorManager.h */ = {isa = PBXFileReference; fileEncoding = 4; lastKnownFileType = sourcecode.c.h; path = AFNetworkActivityIndicatorManager.h; sourceTree = "<group>"; };
		E0783EEC1533187D003EA138 /* AFNetworkActivityIndicatorManager.m */ = {isa = PBXFileReference; fileEncoding = 4; lastKnownFileType = sourcecode.c.objc; path = AFNetworkActivityIndicatorManager.m; sourceTree = "<group>"; };
		E0783EED1533187D003EA138 /* AFNetworking.h */ = {isa = PBXFileReference; fileEncoding = 4; lastKnownFileType = sourcecode.c.h; path = AFNetworking.h; sourceTree = "<group>"; };
		E0783EEE1533187D003EA138 /* AFPropertyListRequestOperation.h */ = {isa = PBXFileReference; fileEncoding = 4; lastKnownFileType = sourcecode.c.h; path = AFPropertyListRequestOperation.h; sourceTree = "<group>"; };
		E0783EEF1533187D003EA138 /* AFPropertyListRequestOperation.m */ = {isa = PBXFileReference; fileEncoding = 4; lastKnownFileType = sourcecode.c.objc; path = AFPropertyListRequestOperation.m; sourceTree = "<group>"; };
		E0783EF01533187D003EA138 /* AFURLConnectionOperation.h */ = {isa = PBXFileReference; fileEncoding = 4; lastKnownFileType = sourcecode.c.h; path = AFURLConnectionOperation.h; sourceTree = "<group>"; };
		E0783EF11533187D003EA138 /* AFURLConnectionOperation.m */ = {isa = PBXFileReference; fileEncoding = 4; lastKnownFileType = sourcecode.c.objc; path = AFURLConnectionOperation.m; sourceTree = "<group>"; };
		E0783EF21533187D003EA138 /* AFXMLRequestOperation.h */ = {isa = PBXFileReference; fileEncoding = 4; lastKnownFileType = sourcecode.c.h; path = AFXMLRequestOperation.h; sourceTree = "<group>"; };
		E0783EF31533187D003EA138 /* AFXMLRequestOperation.m */ = {isa = PBXFileReference; fileEncoding = 4; lastKnownFileType = sourcecode.c.objc; path = AFXMLRequestOperation.m; sourceTree = "<group>"; };
		E0783EF41533187D003EA138 /* UIImageView+AFNetworking.h */ = {isa = PBXFileReference; fileEncoding = 4; lastKnownFileType = sourcecode.c.h; path = "UIImageView+AFNetworking.h"; sourceTree = "<group>"; };
		E0783EF51533187D003EA138 /* UIImageView+AFNetworking.m */ = {isa = PBXFileReference; fileEncoding = 4; lastKnownFileType = sourcecode.c.objc; path = "UIImageView+AFNetworking.m"; sourceTree = "<group>"; };
		E0783EF71533187D003EA138 /* AudioStreamer.h */ = {isa = PBXFileReference; fileEncoding = 4; lastKnownFileType = sourcecode.c.h; path = AudioStreamer.h; sourceTree = "<group>"; };
		E0783EF81533187D003EA138 /* AudioStreamer.m */ = {isa = PBXFileReference; fileEncoding = 4; lastKnownFileType = sourcecode.c.objc; path = AudioStreamer.m; sourceTree = "<group>"; };
		E0783EF91533187D003EA138 /* UIDevice+Hardware.h */ = {isa = PBXFileReference; fileEncoding = 4; lastKnownFileType = sourcecode.c.h; path = "UIDevice+Hardware.h"; sourceTree = "<group>"; };
		E0783EFA1533187D003EA138 /* UIDevice+Hardware.m */ = {isa = PBXFileReference; fileEncoding = 4; lastKnownFileType = sourcecode.c.objc; path = "UIDevice+Hardware.m"; sourceTree = "<group>"; };
		E0783EFC1533187D003EA138 /* SDImageCache.h */ = {isa = PBXFileReference; fileEncoding = 4; lastKnownFileType = sourcecode.c.h; path = SDImageCache.h; sourceTree = "<group>"; };
		E0783EFD1533187D003EA138 /* SDImageCache.m */ = {isa = PBXFileReference; fileEncoding = 4; lastKnownFileType = sourcecode.c.objc; path = SDImageCache.m; sourceTree = "<group>"; };
		E0783EFE1533187D003EA138 /* SDImageCacheDelegate.h */ = {isa = PBXFileReference; fileEncoding = 4; lastKnownFileType = sourcecode.c.h; path = SDImageCacheDelegate.h; sourceTree = "<group>"; };
		E0783EFF1533187D003EA138 /* SDWebImageCompat.h */ = {isa = PBXFileReference; fileEncoding = 4; lastKnownFileType = sourcecode.c.h; path = SDWebImageCompat.h; sourceTree = "<group>"; };
		E0783F001533187D003EA138 /* SDWebImageDecoder.h */ = {isa = PBXFileReference; fileEncoding = 4; lastKnownFileType = sourcecode.c.h; path = SDWebImageDecoder.h; sourceTree = "<group>"; };
		E0783F011533187D003EA138 /* SDWebImageDecoder.m */ = {isa = PBXFileReference; fileEncoding = 4; lastKnownFileType = sourcecode.c.objc; path = SDWebImageDecoder.m; sourceTree = "<group>"; };
		E0783F021533187D003EA138 /* SDWebImageDownloader.h */ = {isa = PBXFileReference; fileEncoding = 4; lastKnownFileType = sourcecode.c.h; path = SDWebImageDownloader.h; sourceTree = "<group>"; };
		E0783F031533187D003EA138 /* SDWebImageDownloader.m */ = {isa = PBXFileReference; fileEncoding = 4; lastKnownFileType = sourcecode.c.objc; path = SDWebImageDownloader.m; sourceTree = "<group>"; };
		E0783F041533187D003EA138 /* SDWebImageDownloaderDelegate.h */ = {isa = PBXFileReference; fileEncoding = 4; lastKnownFileType = sourcecode.c.h; path = SDWebImageDownloaderDelegate.h; sourceTree = "<group>"; };
		E0783F051533187D003EA138 /* SDWebImageManager.h */ = {isa = PBXFileReference; fileEncoding = 4; lastKnownFileType = sourcecode.c.h; path = SDWebImageManager.h; sourceTree = "<group>"; };
		E0783F061533187D003EA138 /* SDWebImageManager.m */ = {isa = PBXFileReference; fileEncoding = 4; lastKnownFileType = sourcecode.c.objc; path = SDWebImageManager.m; sourceTree = "<group>"; };
		E0783F071533187D003EA138 /* SDWebImageManagerDelegate.h */ = {isa = PBXFileReference; fileEncoding = 4; lastKnownFileType = sourcecode.c.h; path = SDWebImageManagerDelegate.h; sourceTree = "<group>"; };
		E0783F081533187D003EA138 /* SDWebImagePrefetcher.h */ = {isa = PBXFileReference; fileEncoding = 4; lastKnownFileType = sourcecode.c.h; path = SDWebImagePrefetcher.h; sourceTree = "<group>"; };
		E0783F091533187D003EA138 /* SDWebImagePrefetcher.m */ = {isa = PBXFileReference; fileEncoding = 4; lastKnownFileType = sourcecode.c.objc; path = SDWebImagePrefetcher.m; sourceTree = "<group>"; };
		E0783F0A1533187D003EA138 /* UIButton+WebCache.h */ = {isa = PBXFileReference; fileEncoding = 4; lastKnownFileType = sourcecode.c.h; path = "UIButton+WebCache.h"; sourceTree = "<group>"; };
		E0783F0B1533187D003EA138 /* UIButton+WebCache.m */ = {isa = PBXFileReference; fileEncoding = 4; lastKnownFileType = sourcecode.c.objc; path = "UIButton+WebCache.m"; sourceTree = "<group>"; };
		E0783F0C1533187D003EA138 /* UIImageView+WebCache.h */ = {isa = PBXFileReference; fileEncoding = 4; lastKnownFileType = sourcecode.c.h; path = "UIImageView+WebCache.h"; sourceTree = "<group>"; };
		E0783F0D1533187D003EA138 /* UIImageView+WebCache.m */ = {isa = PBXFileReference; fileEncoding = 4; lastKnownFileType = sourcecode.c.objc; path = "UIImageView+WebCache.m"; sourceTree = "<group>"; };
		E0783F0E1533187D003EA138 /* SFHFKeychainUtils.h */ = {isa = PBXFileReference; fileEncoding = 4; lastKnownFileType = sourcecode.c.h; path = SFHFKeychainUtils.h; sourceTree = "<group>"; };
		E0783F0F1533187D003EA138 /* SFHFKeychainUtils.m */ = {isa = PBXFileReference; fileEncoding = 4; lastKnownFileType = sourcecode.c.objc; path = SFHFKeychainUtils.m; sourceTree = "<group>"; };
		E09B1E4814E3FD4C001BD57E /* Play.app */ = {isa = PBXFileReference; explicitFileType = wrapper.application; includeInIndex = 0; path = Play.app; sourceTree = BUILT_PRODUCTS_DIR; };
		E0C965AC1533279D001D52BF /* PLAItemAppDelegate.h */ = {isa = PBXFileReference; fileEncoding = 4; lastKnownFileType = sourcecode.c.h; name = PLAItemAppDelegate.h; path = ../PLAItemAppDelegate.h; sourceTree = "<group>"; };
		E0C965AD1533279D001D52BF /* PLAItemAppDelegate.m */ = {isa = PBXFileReference; fileEncoding = 4; lastKnownFileType = sourcecode.c.objc; name = PLAItemAppDelegate.m; path = ../PLAItemAppDelegate.m; sourceTree = "<group>"; };
		E0C965AF1533279D001D52BF /* IgnoredAudioProcesses.plist */ = {isa = PBXFileReference; fileEncoding = 4; lastKnownFileType = text.plist.xml; path = IgnoredAudioProcesses.plist; sourceTree = "<group>"; };
		E0C965B01533279D001D52BF /* Play-Info.plist */ = {isa = PBXFileReference; fileEncoding = 4; lastKnownFileType = text.plist.xml; path = "Play-Info.plist"; sourceTree = "<group>"; };
		E0C965B11533279D001D52BF /* Play-Prefix.pch */ = {isa = PBXFileReference; fileEncoding = 4; lastKnownFileType = sourcecode.c.h; path = "Play-Prefix.pch"; sourceTree = "<group>"; };
		E0C965B31533279D001D52BF /* en */ = {isa = PBXFileReference; lastKnownFileType = text.rtf; name = en; path = en.lproj/Credits.rtf; sourceTree = "<group>"; };
		E0C965B51533279D001D52BF /* en */ = {isa = PBXFileReference; lastKnownFileType = text.plist.strings; name = en; path = en.lproj/InfoPlist.strings; sourceTree = "<group>"; };
		E0C965B71533279D001D52BF /* en */ = {isa = PBXFileReference; lastKnownFileType = file.xib; name = en; path = en.lproj/MainMenu.xib; sourceTree = "<group>"; };
		E0C965B81533279D001D52BF /* icon.icns */ = {isa = PBXFileReference; lastKnownFileType = image.icns; path = icon.icns; sourceTree = "<group>"; };
		E0C965B91533279D001D52BF /* main.m */ = {isa = PBXFileReference; fileEncoding = 4; lastKnownFileType = sourcecode.c.objc; path = main.m; sourceTree = "<group>"; };
		E0C965CC153327A6001D52BF /* PLAPlayerViewController.h */ = {isa = PBXFileReference; fileEncoding = 4; lastKnownFileType = sourcecode.c.h; path = PLAPlayerViewController.h; sourceTree = "<group>"; };
		E0C965CD153327A6001D52BF /* PLAPlayerViewController.m */ = {isa = PBXFileReference; fileEncoding = 4; lastKnownFileType = sourcecode.c.objc; path = PLAPlayerViewController.m; sourceTree = "<group>"; };
		E0C965CF153327A6001D52BF /* PLAPlayerViewController_iPhone.xib */ = {isa = PBXFileReference; fileEncoding = 4; lastKnownFileType = file.xib; path = PLAPlayerViewController_iPhone.xib; sourceTree = "<group>"; };
		E0C965D0153327A6001D52BF /* PLAIOSAppDelegate.h */ = {isa = PBXFileReference; fileEncoding = 4; lastKnownFileType = sourcecode.c.h; path = PLAIOSAppDelegate.h; sourceTree = "<group>"; };
		E0C965D1153327A6001D52BF /* PLAIOSAppDelegate.m */ = {isa = PBXFileReference; fileEncoding = 4; lastKnownFileType = sourcecode.c.objc; path = PLAIOSAppDelegate.m; sourceTree = "<group>"; };
		E0C965D3153327A6001D52BF /* Play-iOS-Info.plist */ = {isa = PBXFileReference; fileEncoding = 4; lastKnownFileType = text.plist.xml; path = "Play-iOS-Info.plist"; sourceTree = "<group>"; };
		E0C965D4153327A6001D52BF /* Play-iOS-Prefix.pch */ = {isa = PBXFileReference; fileEncoding = 4; lastKnownFileType = sourcecode.c.h; path = "Play-iOS-Prefix.pch"; sourceTree = "<group>"; };
		E0C965D6153327A6001D52BF /* en */ = {isa = PBXFileReference; lastKnownFileType = text.plist.strings; name = en; path = en.lproj/InfoPlist.strings; sourceTree = "<group>"; };
		E0C965D7153327A6001D52BF /* main.m */ = {isa = PBXFileReference; fileEncoding = 4; lastKnownFileType = sourcecode.c.objc; path = main.m; sourceTree = "<group>"; };
		E0C965D9153327A6001D52BF /* bottom-shadow.png */ = {isa = PBXFileReference; lastKnownFileType = image.png; path = "bottom-shadow.png"; sourceTree = "<group>"; };
		E0C965DA153327A6001D52BF /* bottom-shadow@2x.png */ = {isa = PBXFileReference; lastKnownFileType = image.png; path = "bottom-shadow@2x.png"; sourceTree = "<group>"; };
		E0C965DB153327A6001D52BF /* button-pause.png */ = {isa = PBXFileReference; lastKnownFileType = image.png; path = "button-pause.png"; sourceTree = "<group>"; };
		E0C965DC153327A6001D52BF /* button-pause@2x.png */ = {isa = PBXFileReference; lastKnownFileType = image.png; path = "button-pause@2x.png"; sourceTree = "<group>"; };
		E0C965DD153327A6001D52BF /* button-play.png */ = {isa = PBXFileReference; lastKnownFileType = image.png; path = "button-play.png"; sourceTree = "<group>"; };
		E0C965DE153327A6001D52BF /* button-play@2x.png */ = {isa = PBXFileReference; lastKnownFileType = image.png; path = "button-play@2x.png"; sourceTree = "<group>"; };
		E0C965DF153327A6001D52BF /* default_album.png */ = {isa = PBXFileReference; lastKnownFileType = image.png; path = default_album.png; sourceTree = "<group>"; };
		E0C965E0153327A6001D52BF /* default_album@2x.png */ = {isa = PBXFileReference; lastKnownFileType = image.png; path = "default_album@2x.png"; sourceTree = "<group>"; };
		E0C965E1153327A6001D52BF /* shadow.png */ = {isa = PBXFileReference; lastKnownFileType = image.png; path = shadow.png; sourceTree = "<group>"; };
		E0C965E2153327A6001D52BF /* shadow@2x.png */ = {isa = PBXFileReference; lastKnownFileType = image.png; path = "shadow@2x.png"; sourceTree = "<group>"; };
		E0CAF63A153325DB007EE510 /* MediaPlayer.framework */ = {isa = PBXFileReference; lastKnownFileType = wrapper.framework; name = MediaPlayer.framework; path = Platforms/iPhoneOS.platform/Developer/SDKs/iPhoneOS5.1.sdk/System/Library/Frameworks/MediaPlayer.framework; sourceTree = DEVELOPER_DIR; };
		E0CAF641153325FA007EE510 /* CoreAudio.framework */ = {isa = PBXFileReference; lastKnownFileType = wrapper.framework; name = CoreAudio.framework; path = Platforms/iPhoneOS.platform/Developer/SDKs/iPhoneOS5.1.sdk/System/Library/Frameworks/CoreAudio.framework; sourceTree = DEVELOPER_DIR; };
		E0CAF64315332610007EE510 /* AudioToolbox.framework */ = {isa = PBXFileReference; lastKnownFileType = wrapper.framework; name = AudioToolbox.framework; path = Platforms/iPhoneOS.platform/Developer/SDKs/iPhoneOS5.1.sdk/System/Library/Frameworks/AudioToolbox.framework; sourceTree = DEVELOPER_DIR; };
		E0CAF64515332619007EE510 /* CFNetwork.framework */ = {isa = PBXFileReference; lastKnownFileType = wrapper.framework; name = CFNetwork.framework; path = Platforms/iPhoneOS.platform/Developer/SDKs/iPhoneOS5.1.sdk/System/Library/Frameworks/CFNetwork.framework; sourceTree = DEVELOPER_DIR; };
		E0CAF64715332623007EE510 /* AVFoundation.framework */ = {isa = PBXFileReference; lastKnownFileType = wrapper.framework; name = AVFoundation.framework; path = Platforms/iPhoneOS.platform/Developer/SDKs/iPhoneOS5.1.sdk/System/Library/Frameworks/AVFoundation.framework; sourceTree = DEVELOPER_DIR; };
		E0CAF64915332631007EE510 /* Security.framework */ = {isa = PBXFileReference; lastKnownFileType = wrapper.framework; name = Security.framework; path = Platforms/iPhoneOS.platform/Developer/SDKs/iPhoneOS5.1.sdk/System/Library/Frameworks/Security.framework; sourceTree = DEVELOPER_DIR; };
/* End PBXFileReference section */

/* Begin PBXFrameworksBuildPhase section */
		E0783E971533168C003EA138 /* Frameworks */ = {
			isa = PBXFrameworksBuildPhase;
			buildActionMask = 2147483647;
			files = (
				E058E26215333B360079B226 /* libicucore.dylib in Frameworks */,
				E0CAF64A15332631007EE510 /* Security.framework in Frameworks */,
				E0CAF64815332623007EE510 /* AVFoundation.framework in Frameworks */,
				E0CAF64615332619007EE510 /* CFNetwork.framework in Frameworks */,
				E0CAF64415332610007EE510 /* AudioToolbox.framework in Frameworks */,
				E0CAF642153325FA007EE510 /* CoreAudio.framework in Frameworks */,
				E0CAF63B153325DB007EE510 /* MediaPlayer.framework in Frameworks */,
				E058E247153334860079B226 /* libPusher-combined.a in Frameworks */,
				E058E25715333AB50079B226 /* SystemConfiguration.framework in Frameworks */,
				E058E25E15333AE40079B226 /* CoreGraphics.framework in Frameworks */,
				E058E25F15333AE70079B226 /* Foundation.framework in Frameworks */,
				E058E26015333AEA0079B226 /* UIKit.framework in Frameworks */,
			);
			runOnlyForDeploymentPostprocessing = 0;
		};
		E09B1E4514E3FD4C001BD57E /* Frameworks */ = {
			isa = PBXFrameworksBuildPhase;
			buildActionMask = 2147483647;
			files = (
				E05AEC001533DAD00094566C /* AVFoundation.framework in Frameworks */,
				E0328061153561180077B17B /* QuartzCore.framework in Frameworks */,
				E05AEBFE1533DA580094566C /* CoreAudio.framework in Frameworks */,
				E05AEBFC1533DA340094566C /* libicucore.dylib in Frameworks */,
				E05AEBF81533D9AA0094566C /* SystemConfiguration.framework in Frameworks */,
				E05AEBF61533D9990094566C /* AudioToolbox.framework in Frameworks */,
				E05AEBF41533D9930094566C /* Security.framework in Frameworks */,
				E05AEBF21533D98B0094566C /* AppKit.framework in Frameworks */,
				E05AEBF01533D9840094566C /* Cocoa.framework in Frameworks */,
				E05AEBEE1533D97E0094566C /* Foundation.framework in Frameworks */,
				E058E242153334860079B226 /* Pusher.framework in Frameworks */,
			);
			runOnlyForDeploymentPostprocessing = 0;
		};
/* End PBXFrameworksBuildPhase section */

/* Begin PBXGroup section */
		30083B38153D83B500E795DA /* Value Transformers */ = {
			isa = PBXGroup;
			children = (
				30083B3A153D83F300E795DA /* XFloatSecondsToHMSStringTransformer.h */,
				30083B3B153D83F300E795DA /* XFloatSecondsToHMSStringTransformer.m */,
			);
			name = "Value Transformers";
			sourceTree = "<group>";
		};
		3016175F153F35C20060CBDD /* Fonts */ = {
			isa = PBXGroup;
			children = (
				30161760153F35C20060CBDD /* OpenSans-LightItalic.ttf */,
				30161761153F35C20060CBDD /* OpenSans-Semibold.ttf */,
			);
			path = Fonts;
			sourceTree = "<group>";
		};
		30836C14153C5F4900987A13 /* Star Button */ = {
			isa = PBXGroup;
			children = (
				30836C1E153C61A200987A13 /* starred-grey-down.png */,
				30836C1F153C61A200987A13 /* starred-grey.png */,
				30836C20153C61A200987A13 /* unstarred-grey-down.png */,
				30836C21153C61A200987A13 /* unstarred-grey.png */,
				30836C26153C6AD600987A13 /* starred-pink-down.png */,
				30836C27153C6AD600987A13 /* starred-pink.png */,
				30836C28153C6AD600987A13 /* unstarred-pink-down.png */,
				30836C29153C6AD600987A13 /* unstarred-pink.png */,
			);
			name = "Star Button";
			sourceTree = "<group>";
		};
		30836C2E153C6D9400987A13 /* Download Album */ = {
			isa = PBXGroup;
			children = (
				30836C2F153C6DA400987A13 /* record-grey-down.png */,
				30836C30153C6DA400987A13 /* record-grey.png */,
				30836C31153C6DA400987A13 /* record-pink-down.png */,
				30836C32153C6DA400987A13 /* record-pink.png */,
			);
			name = "Download Album";
			sourceTree = "<group>";
		};
		30836C3C153C864900987A13 /* Flipr */ = {
			isa = PBXGroup;
			children = (
				30836C3D153C864900987A13 /* NSWindow_Flipr.h */,
				30836C3E153C864900987A13 /* NSWindow_Flipr.m */,
			);
			path = Flipr;
			sourceTree = "<group>";
		};
		309006E5153E08D500FB297F /* Cog */ = {
			isa = PBXGroup;
			children = (
				309006E7153E08E000FB297F /* cog-down.png */,
				309006E8153E08E000FB297F /* cog.png */,
			);
			name = Cog;
			sourceTree = "<group>";
		};
		30A3B3AE15359D2E009DA3E0 /* SPMediaKeyTap */ = {
			isa = PBXGroup;
			children = (
				30A3B3AF15359D2E009DA3E0 /* SPInvocationGrabbing */,
				30A3B3B515359D2E009DA3E0 /* SPMediaKeyTap.h */,
				30A3B3B615359D2E009DA3E0 /* SPMediaKeyTap.m */,
			);
			path = SPMediaKeyTap;
			sourceTree = "<group>";
		};
		30A3B3AF15359D2E009DA3E0 /* SPInvocationGrabbing */ = {
			isa = PBXGroup;
			children = (
				30A3B3B315359D2E009DA3E0 /* NSObject+SPInvocationGrabbing.h */,
				30A3B3B415359D2E009DA3E0 /* NSObject+SPInvocationGrabbing.m */,
			);
			path = SPInvocationGrabbing;
			sourceTree = "<group>";
		};
		30A3B3BC1535C4C6009DA3E0 /* Custom UI */ = {
			isa = PBXGroup;
			children = (
				E032805C153560680077B17B /* PLAItemWindow.h */,
				E032805D153560680077B17B /* PLAItemWindow.m */,
				30EE1B3E153840FD00AD9DF2 /* PLAHeaderBarBackgroundView.h */,
				30EE1B3F153840FD00AD9DF2 /* PLAHeaderBarBackgroundView.m */,
				30EE1B4E15384CF400AD9DF2 /* PLAQueueImageView.h */,
				30EE1B4F15384CF400AD9DF2 /* PLAQueueImageView.m */,
				30EE1B9915386BFF00AD9DF2 /* PLAShadowTextField.h */,
				30EE1B9A15386BFF00AD9DF2 /* PLAShadowTextField.m */,
				30EE1B9C15386F8000AD9DF2 /* PLAQueueWhiteTextField.h */,
				30EE1B9D15386F8000AD9DF2 /* PLAQueueWhiteTextField.m */,
				30FCE81D1538CCA600E70B42 /* PLAQueueDarkAlbumTextField.h */,
				30FCE81E1538CCA600E70B42 /* PLAQueueDarkAlbumTextField.m */,
				30122ACC1539AFE300A2E507 /* PLAQueueTableCellView.h */,
				30122ACD1539AFE300A2E507 /* PLAQueueTableCellView.m */,
				3080FCF61539DAD90058D7EA /* PLARecordImageView.h */,
				3080FCF71539DAD90058D7EA /* PLARecordImageView.m */,
				309A9E8B153F246B00D664F3 /* PLALoginHeaderBackgroundView.h */,
				309A9E8C153F246B00D664F3 /* PLALoginHeaderBackgroundView.m */,
			);
			name = "Custom UI";
			sourceTree = "<group>";
		};
		30EE1B41153845EE00AD9DF2 /* Status Icon */ = {
			isa = PBXGroup;
			children = (
				30EE1B3C15383E8000AD9DF2 /* status-icon-inverted.png */,
				30EE1B3815383D4700AD9DF2 /* status-icon-off.png */,
				30EE1B3915383D4700AD9DF2 /* status-icon-on.png */,
			);
			name = "Status Icon";
			sourceTree = "<group>";
		};
		30EE1B42153845F600AD9DF2 /* Play Button */ = {
			isa = PBXGroup;
			children = (
				3080FCF91539FF0E0058D7EA /* play-button-down.png */,
				3080FCFA1539FF0E0058D7EA /* play-button.png */,
				3080FCFB1539FF0E0058D7EA /* stop-button-down.png */,
				3080FCFC1539FF0E0058D7EA /* stop-button.png */,
			);
			name = "Play Button";
			sourceTree = "<group>";
		};
		30EE1B4B15384AA700AD9DF2 /* Now Playing */ = {
			isa = PBXGroup;
			children = (
				30EE1B4C15384AB000AD9DF2 /* now-playing-background.png */,
			);
			name = "Now Playing";
			sourceTree = "<group>";
		};
		30EE1B9F1538834200AD9DF2 /* Download Song */ = {
			isa = PBXGroup;
			children = (
				30EE1BA01538834A00AD9DF2 /* note-pink-down.png */,
				30EE1BA11538834A00AD9DF2 /* note-pink.png */,
				3080FCEF1539D1890058D7EA /* note-grey-down.png */,
				3080FCF01539D1890058D7EA /* note-grey.png */,
			);
			name = "Download Song";
			sourceTree = "<group>";
		};
		E058E22A153334860079B226 /* libPusher */ = {
			isa = PBXGroup;
			children = (
				E058E22B153334860079B226 /* OS X */,
				E058E22D153334860079B226 /* iOS */,
			);
			path = libPusher;
			sourceTree = "<group>";
		};
		E058E22B153334860079B226 /* OS X */ = {
			isa = PBXGroup;
			children = (
				E058E22C153334860079B226 /* Pusher.framework */,
			);
			path = "OS X";
			sourceTree = "<group>";
		};
		E058E22D153334860079B226 /* iOS */ = {
			isa = PBXGroup;
			children = (
				E058E22E153334860079B226 /* README.txt */,
				E058E22F153334860079B226 /* headers */,
				E058E23F153334860079B226 /* libPusher-combined.a */,
			);
			path = iOS;
			sourceTree = "<group>";
		};
		E058E22F153334860079B226 /* headers */ = {
			isa = PBXGroup;
			children = (
				E058E230153334860079B226 /* PTEventListener.h */,
				E058E231153334860079B226 /* PTJSON.h */,
				E058E232153334860079B226 /* PTJSONParser.h */,
				E058E233153334860079B226 /* PTPusher.h */,
				E058E234153334860079B226 /* PTPusherAPI.h */,
				E058E235153334860079B226 /* PTPusherChannel.h */,
				E058E236153334860079B226 /* PTPusherConnection.h */,
				E058E237153334860079B226 /* PTPusherDelegate.h */,
				E058E238153334860079B226 /* PTPusherErrors.h */,
				E058E239153334860079B226 /* PTPusherEvent.h */,
				E058E23A153334860079B226 /* PTPusherEventDispatcher.h */,
				E058E23B153334860079B226 /* PTPusherEventPublisher.h */,
				E058E23C153334860079B226 /* PTPusherMacros.h */,
				E058E23D153334860079B226 /* PTPusherPresenceChannelDelegate.h */,
				E058E23E153334860079B226 /* SRWebSocket.h */,
			);
			path = headers;
			sourceTree = "<group>";
		};
		E058E26F153376E80079B226 /* Play Client */ = {
			isa = PBXGroup;
			children = (
				E058E270153376E80079B226 /* PLAPlayClient.h */,
				E058E271153376E80079B226 /* PLAPlayClient.m */,
				E058E272153376E80079B226 /* PLATrack.h */,
				E058E273153376E80079B226 /* PLATrack.m */,
				E058E278153377160079B226 /* PLAController.h */,
				E058E279153377160079B226 /* PLAController.m */,
			);
			path = "Play Client";
			sourceTree = "<group>";
		};
		E058E2801533837E0079B226 /* Reachability */ = {
			isa = PBXGroup;
			children = (
				E058E2811533837E0079B226 /* Reachability.h */,
				E058E2821533837E0079B226 /* ReachabilityAppDelegate.h */,
			);
			path = Reachability;
			sourceTree = "<group>";
		};
		E0783EDF1533187D003EA138 /* vendor */ = {
			isa = PBXGroup;
			children = (
				E058E2801533837E0079B226 /* Reachability */,
				E058E22A153334860079B226 /* libPusher */,
				E0783EE01533187D003EA138 /* AFNetworking */,
				E0783EF61533187D003EA138 /* AudioStreamer */,
				E0783EFB1533187D003EA138 /* SDWebImage */,
				30A3B3AE15359D2E009DA3E0 /* SPMediaKeyTap */,
				30836C3C153C864900987A13 /* Flipr */,
				E0783F0E1533187D003EA138 /* SFHFKeychainUtils.h */,
				E0783F0F1533187D003EA138 /* SFHFKeychainUtils.m */,
			);
			path = vendor;
			sourceTree = "<group>";
		};
		E0783EE01533187D003EA138 /* AFNetworking */ = {
			isa = PBXGroup;
			children = (
				E0783EE11533187D003EA138 /* AFHTTPClient.h */,
				E0783EE21533187D003EA138 /* AFHTTPClient.m */,
				E0783EE31533187D003EA138 /* AFHTTPRequestOperation.h */,
				E0783EE41533187D003EA138 /* AFHTTPRequestOperation.m */,
				E0783EE51533187D003EA138 /* AFImageRequestOperation.h */,
				E0783EE61533187D003EA138 /* AFImageRequestOperation.m */,
				E0783EE71533187D003EA138 /* AFJSONRequestOperation.h */,
				E0783EE81533187D003EA138 /* AFJSONRequestOperation.m */,
				E0783EE91533187D003EA138 /* AFJSONUtilities.h */,
				E0783EEA1533187D003EA138 /* AFJSONUtilities.m */,
				E0783EEB1533187D003EA138 /* AFNetworkActivityIndicatorManager.h */,
				E0783EEC1533187D003EA138 /* AFNetworkActivityIndicatorManager.m */,
				E0783EED1533187D003EA138 /* AFNetworking.h */,
				E0783EEE1533187D003EA138 /* AFPropertyListRequestOperation.h */,
				E0783EEF1533187D003EA138 /* AFPropertyListRequestOperation.m */,
				E0783EF01533187D003EA138 /* AFURLConnectionOperation.h */,
				E0783EF11533187D003EA138 /* AFURLConnectionOperation.m */,
				E0783EF21533187D003EA138 /* AFXMLRequestOperation.h */,
				E0783EF31533187D003EA138 /* AFXMLRequestOperation.m */,
				E0783EF41533187D003EA138 /* UIImageView+AFNetworking.h */,
				E0783EF51533187D003EA138 /* UIImageView+AFNetworking.m */,
			);
			path = AFNetworking;
			sourceTree = "<group>";
		};
		E0783EF61533187D003EA138 /* AudioStreamer */ = {
			isa = PBXGroup;
			children = (
				E0783EF71533187D003EA138 /* AudioStreamer.h */,
				E0783EF81533187D003EA138 /* AudioStreamer.m */,
				E0783EF91533187D003EA138 /* UIDevice+Hardware.h */,
				E0783EFA1533187D003EA138 /* UIDevice+Hardware.m */,
			);
			path = AudioStreamer;
			sourceTree = "<group>";
		};
		E0783EFB1533187D003EA138 /* SDWebImage */ = {
			isa = PBXGroup;
			children = (
				E0783EFC1533187D003EA138 /* SDImageCache.h */,
				E0783EFD1533187D003EA138 /* SDImageCache.m */,
				E0783EFE1533187D003EA138 /* SDImageCacheDelegate.h */,
				E0783EFF1533187D003EA138 /* SDWebImageCompat.h */,
				E0783F001533187D003EA138 /* SDWebImageDecoder.h */,
				E0783F011533187D003EA138 /* SDWebImageDecoder.m */,
				E0783F021533187D003EA138 /* SDWebImageDownloader.h */,
				E0783F031533187D003EA138 /* SDWebImageDownloader.m */,
				E0783F041533187D003EA138 /* SDWebImageDownloaderDelegate.h */,
				E0783F051533187D003EA138 /* SDWebImageManager.h */,
				E0783F061533187D003EA138 /* SDWebImageManager.m */,
				E0783F071533187D003EA138 /* SDWebImageManagerDelegate.h */,
				E0783F081533187D003EA138 /* SDWebImagePrefetcher.h */,
				E0783F091533187D003EA138 /* SDWebImagePrefetcher.m */,
				E0783F0A1533187D003EA138 /* UIButton+WebCache.h */,
				E0783F0B1533187D003EA138 /* UIButton+WebCache.m */,
				E0783F0C1533187D003EA138 /* UIImageView+WebCache.h */,
				E0783F0D1533187D003EA138 /* UIImageView+WebCache.m */,
			);
			path = SDWebImage;
			sourceTree = "<group>";
		};
		E09B1E3D14E3FD4C001BD57E = {
			isa = PBXGroup;
			children = (
				E0783EDF1533187D003EA138 /* vendor */,
				E058E26F153376E80079B226 /* Play Client */,
				E0C965A91533279D001D52BF /* Play Item */,
				E0C965C9153327A6001D52BF /* Play iOS */,
				E0CAF64B15332643007EE510 /* iOS Frameworks */,
				E09B1E4B14E3FD4C001BD57E /* Frameworks */,
				E09B1E4914E3FD4C001BD57E /* Products */,
			);
			sourceTree = "<group>";
		};
		E09B1E4914E3FD4C001BD57E /* Products */ = {
			isa = PBXGroup;
			children = (
				E09B1E4814E3FD4C001BD57E /* Play.app */,
				E0783E9A1533168C003EA138 /* Play iOS.app */,
			);
			name = Products;
			sourceTree = "<group>";
		};
		E09B1E4B14E3FD4C001BD57E /* Frameworks */ = {
			isa = PBXGroup;
			children = (
				E05AEBFB1533DA340094566C /* libicucore.dylib */,
				E0328060153561180077B17B /* QuartzCore.framework */,
				E05AEBED1533D97E0094566C /* Foundation.framework */,
				E05AEBF11533D98B0094566C /* AppKit.framework */,
				E05AEBF71533D9AA0094566C /* SystemConfiguration.framework */,
				E05AEBF31533D9930094566C /* Security.framework */,
				E05AEBFF1533DAD00094566C /* AVFoundation.framework */,
				E05AEBF51533D9990094566C /* AudioToolbox.framework */,
				E05AEBFD1533DA580094566C /* CoreAudio.framework */,
				E05AEBEF1533D9840094566C /* Cocoa.framework */,
			);
			name = Frameworks;
			sourceTree = "<group>";
		};
		E0C965A91533279D001D52BF /* Play Item */ = {
			isa = PBXGroup;
			children = (
				3016175F153F35C20060CBDD /* Fonts */,
				E0C965BA1533279D001D52BF /* images */,
				E0C965AA1533279D001D52BF /* Classes */,
				E0C965AE1533279D001D52BF /* Supporting Files */,
			);
			path = "Play Item";
			sourceTree = SOURCE_ROOT;
		};
		E0C965AA1533279D001D52BF /* Classes */ = {
			isa = PBXGroup;
			children = (
				E0C965AC1533279D001D52BF /* PLAItemAppDelegate.h */,
				E0C965AD1533279D001D52BF /* PLAItemAppDelegate.m */,
				30083B38153D83B500E795DA /* Value Transformers */,
				30A3B3BC1535C4C6009DA3E0 /* Custom UI */,
				E0C965AB1533279D001D52BF /* Controllers */,
			);
			path = Classes;
			sourceTree = "<group>";
		};
		E0C965AB1533279D001D52BF /* Controllers */ = {
			isa = PBXGroup;
			children = (
				E051B0A41535569C007DC4F7 /* PLAItemLogInWindowController.h */,
				E051B0A51535569C007DC4F7 /* PLAItemLogInWindowController.m */,
				E051B0A61535569C007DC4F7 /* PLAItemLogInWindow.xib */,
				30A3B3C01535C5D7009DA3E0 /* PLAQueueWindowController.h */,
				30A3B3C11535C5D7009DA3E0 /* PLAQueueWindowController.m */,
				30A3B3C21535C5D7009DA3E0 /* PLAQueueWindow.xib */,
			);
			path = Controllers;
			sourceTree = "<group>";
		};
		E0C965AE1533279D001D52BF /* Supporting Files */ = {
			isa = PBXGroup;
			children = (
				E0C965AF1533279D001D52BF /* IgnoredAudioProcesses.plist */,
				E0C965B01533279D001D52BF /* Play-Info.plist */,
				E0C965B11533279D001D52BF /* Play-Prefix.pch */,
				E0C965B21533279D001D52BF /* Credits.rtf */,
				E0C965B41533279D001D52BF /* InfoPlist.strings */,
				E0C965B61533279D001D52BF /* MainMenu.xib */,
				E0C965B81533279D001D52BF /* icon.icns */,
				E0C965B91533279D001D52BF /* main.m */,
			);
			path = "Supporting Files";
			sourceTree = "<group>";
		};
		E0C965BA1533279D001D52BF /* images */ = {
			isa = PBXGroup;
			children = (
				3080FCF41539DA590058D7EA /* record.png */,
				309006E5153E08D500FB297F /* Cog */,
				30836C2E153C6D9400987A13 /* Download Album */,
				30836C14153C5F4900987A13 /* Star Button */,
				30EE1B9F1538834200AD9DF2 /* Download Song */,
				30EE1B4B15384AA700AD9DF2 /* Now Playing */,
				30EE1B42153845F600AD9DF2 /* Play Button */,
				30EE1B41153845EE00AD9DF2 /* Status Icon */,
			);
			path = images;
			sourceTree = "<group>";
		};
		E0C965C9153327A6001D52BF /* Play iOS */ = {
			isa = PBXGroup;
			children = (
				E0C965D0153327A6001D52BF /* PLAIOSAppDelegate.h */,
				E0C965D1153327A6001D52BF /* PLAIOSAppDelegate.m */,
				E0C965D8153327A6001D52BF /* images */,
				E0C965CA153327A6001D52BF /* Classes */,
				E0C965D2153327A6001D52BF /* Supporting Files */,
			);
			path = "Play iOS";
			sourceTree = "<group>";
		};
		E0C965CA153327A6001D52BF /* Classes */ = {
			isa = PBXGroup;
			children = (
				E0C965CB153327A6001D52BF /* Controllers */,
			);
			path = Classes;
			sourceTree = "<group>";
		};
		E0C965CB153327A6001D52BF /* Controllers */ = {
			isa = PBXGroup;
			children = (
				E05AEC0B1534B6BE0094566C /* PLALogInViewControllerViewController.h */,
				E05AEC0C1534B6BE0094566C /* PLALogInViewControllerViewController.m */,
				E05AEC0D1534B6BE0094566C /* PLALogInViewControllerViewController.xib */,
				E0C965CC153327A6001D52BF /* PLAPlayerViewController.h */,
				E0C965CD153327A6001D52BF /* PLAPlayerViewController.m */,
				E0C965CF153327A6001D52BF /* PLAPlayerViewController_iPhone.xib */,
			);
			path = Controllers;
			sourceTree = "<group>";
		};
		E0C965D2153327A6001D52BF /* Supporting Files */ = {
			isa = PBXGroup;
			children = (
				E0C965D3153327A6001D52BF /* Play-iOS-Info.plist */,
				E0C965D4153327A6001D52BF /* Play-iOS-Prefix.pch */,
				E0C965D5153327A6001D52BF /* InfoPlist.strings */,
				E0C965D7153327A6001D52BF /* main.m */,
			);
			path = "Supporting Files";
			sourceTree = "<group>";
		};
		E0C965D8153327A6001D52BF /* images */ = {
			isa = PBXGroup;
			children = (
				E058E21F15332C4C0079B226 /* Default.png */,
				E058E22015332C4C0079B226 /* Default@2x.png */,
				E058E22115332C4C0079B226 /* icon-72.png */,
				E058E22215332C4C0079B226 /* icon.png */,
				E058E22315332C4C0079B226 /* icon@2x.png */,
				E0C965D9153327A6001D52BF /* bottom-shadow.png */,
				E0C965DA153327A6001D52BF /* bottom-shadow@2x.png */,
				E0C965DB153327A6001D52BF /* button-pause.png */,
				E0C965DC153327A6001D52BF /* button-pause@2x.png */,
				E0C965DD153327A6001D52BF /* button-play.png */,
				E0C965DE153327A6001D52BF /* button-play@2x.png */,
				E0C965DF153327A6001D52BF /* default_album.png */,
				E0C965E0153327A6001D52BF /* default_album@2x.png */,
				E0C965E1153327A6001D52BF /* shadow.png */,
				E0C965E2153327A6001D52BF /* shadow@2x.png */,
			);
			path = images;
			sourceTree = "<group>";
		};
		E0CAF64B15332643007EE510 /* iOS Frameworks */ = {
			isa = PBXGroup;
			children = (
				E058E26115333B360079B226 /* libicucore.dylib */,
				E058E25C15333ADB0079B226 /* CoreGraphics.framework */,
				E058E25A15333AD10079B226 /* Foundation.framework */,
				E058E25815333AC80079B226 /* UIKit.framework */,
				E058E2551533381F0079B226 /* SystemConfiguration.framework */,
				E0CAF64915332631007EE510 /* Security.framework */,
				E0CAF64715332623007EE510 /* AVFoundation.framework */,
				E0CAF64515332619007EE510 /* CFNetwork.framework */,
				E0CAF64315332610007EE510 /* AudioToolbox.framework */,
				E0CAF641153325FA007EE510 /* CoreAudio.framework */,
				E0CAF63A153325DB007EE510 /* MediaPlayer.framework */,
			);
			name = "iOS Frameworks";
			sourceTree = "<group>";
		};
/* End PBXGroup section */

/* Begin PBXNativeTarget section */
		E0783E991533168C003EA138 /* Play iOS */ = {
			isa = PBXNativeTarget;
			buildConfigurationList = E0783EB01533168C003EA138 /* Build configuration list for PBXNativeTarget "Play iOS" */;
			buildPhases = (
				E0783E961533168C003EA138 /* Sources */,
				E0783E971533168C003EA138 /* Frameworks */,
				E0783E981533168C003EA138 /* Resources */,
			);
			buildRules = (
			);
			dependencies = (
			);
			name = "Play iOS";
			productName = "Play iOS";
			productReference = E0783E9A1533168C003EA138 /* Play iOS.app */;
			productType = "com.apple.product-type.application";
		};
		E09B1E4714E3FD4C001BD57E /* Play */ = {
			isa = PBXNativeTarget;
			buildConfigurationList = E09B1E6614E3FD4C001BD57E /* Build configuration list for PBXNativeTarget "Play" */;
			buildPhases = (
				E09B1E4414E3FD4C001BD57E /* Sources */,
				E09B1E4514E3FD4C001BD57E /* Frameworks */,
				E09B1E4614E3FD4C001BD57E /* Resources */,
				E058E2831533909A0079B226 /* Copy Frameworks */,
				30161764153F35DF0060CBDD /* Copy Fonts */,
			);
			buildRules = (
			);
			dependencies = (
			);
			name = Play;
			productName = Play;
			productReference = E09B1E4814E3FD4C001BD57E /* Play.app */;
			productType = "com.apple.product-type.application";
		};
/* End PBXNativeTarget section */

/* Begin PBXProject section */
		E09B1E3F14E3FD4C001BD57E /* Project object */ = {
			isa = PBXProject;
			attributes = {
				LastUpgradeCheck = 0420;
				ORGANIZATIONNAME = "GitHub, Inc.";
			};
			buildConfigurationList = E09B1E4214E3FD4C001BD57E /* Build configuration list for PBXProject "Play Cocoa" */;
			compatibilityVersion = "Xcode 3.2";
			developmentRegion = English;
			hasScannedForEncodings = 0;
			knownRegions = (
				en,
				English,
			);
			mainGroup = E09B1E3D14E3FD4C001BD57E;
			productRefGroup = E09B1E4914E3FD4C001BD57E /* Products */;
			projectDirPath = "";
			projectRoot = "";
			targets = (
				E09B1E4714E3FD4C001BD57E /* Play */,
				E0783E991533168C003EA138 /* Play iOS */,
			);
		};
/* End PBXProject section */

/* Begin PBXResourcesBuildPhase section */
		E0783E981533168C003EA138 /* Resources */ = {
			isa = PBXResourcesBuildPhase;
			buildActionMask = 2147483647;
			files = (
				E0C965E5153327A6001D52BF /* PLAPlayerViewController_iPhone.xib in Resources */,
				E0C965E7153327A6001D52BF /* Play-iOS-Info.plist in Resources */,
				E0C965E8153327A6001D52BF /* InfoPlist.strings in Resources */,
				E0C965EA153327A6001D52BF /* bottom-shadow.png in Resources */,
				E0C965EB153327A6001D52BF /* bottom-shadow@2x.png in Resources */,
				E0C965EC153327A6001D52BF /* button-pause.png in Resources */,
				E0C965ED153327A6001D52BF /* button-pause@2x.png in Resources */,
				E0C965EE153327A6001D52BF /* button-play.png in Resources */,
				E0C965EF153327A6001D52BF /* button-play@2x.png in Resources */,
				E0C965F0153327A6001D52BF /* default_album.png in Resources */,
				E0C965F1153327A6001D52BF /* default_album@2x.png in Resources */,
				E0C965F2153327A6001D52BF /* shadow.png in Resources */,
				E0C965F3153327A6001D52BF /* shadow@2x.png in Resources */,
				E058E22415332C4C0079B226 /* Default.png in Resources */,
				E058E22515332C4C0079B226 /* Default@2x.png in Resources */,
				E058E22615332C4C0079B226 /* icon-72.png in Resources */,
				E058E22715332C4C0079B226 /* icon.png in Resources */,
				E058E22815332C4C0079B226 /* icon@2x.png in Resources */,
				E058E245153334860079B226 /* README.txt in Resources */,
				E05AEC0F1534B6BE0094566C /* PLALogInViewControllerViewController.xib in Resources */,
			);
			runOnlyForDeploymentPostprocessing = 0;
		};
		E09B1E4614E3FD4C001BD57E /* Resources */ = {
			isa = PBXResourcesBuildPhase;
			buildActionMask = 2147483647;
			files = (
				E0C965BF1533279D001D52BF /* IgnoredAudioProcesses.plist in Resources */,
				E0C965C01533279D001D52BF /* Play-Info.plist in Resources */,
				E0C965C11533279D001D52BF /* Credits.rtf in Resources */,
				E0C965C21533279D001D52BF /* InfoPlist.strings in Resources */,
				E0C965C31533279D001D52BF /* MainMenu.xib in Resources */,
				E0C965C41533279D001D52BF /* icon.icns in Resources */,
				E051B0A81535569C007DC4F7 /* PLAItemLogInWindow.xib in Resources */,
				30A3B3C41535C5D7009DA3E0 /* PLAQueueWindow.xib in Resources */,
				30EE1B3A15383D4700AD9DF2 /* status-icon-off.png in Resources */,
				30EE1B3B15383D4700AD9DF2 /* status-icon-on.png in Resources */,
				30EE1B3D15383E8000AD9DF2 /* status-icon-inverted.png in Resources */,
				30EE1B4D15384AB000AD9DF2 /* now-playing-background.png in Resources */,
				30EE1BA21538834A00AD9DF2 /* note-pink-down.png in Resources */,
				30EE1BA31538834A00AD9DF2 /* note-pink.png in Resources */,
				3080FCF11539D1890058D7EA /* note-grey-down.png in Resources */,
				3080FCF21539D1890058D7EA /* note-grey.png in Resources */,
				3080FCF51539DA590058D7EA /* record.png in Resources */,
				3080FCFD1539FF0E0058D7EA /* play-button-down.png in Resources */,
				3080FCFE1539FF0E0058D7EA /* play-button.png in Resources */,
				3080FCFF1539FF0E0058D7EA /* stop-button-down.png in Resources */,
				3080FD001539FF0E0058D7EA /* stop-button.png in Resources */,
				30836C22153C61A200987A13 /* starred-grey-down.png in Resources */,
				30836C23153C61A200987A13 /* starred-grey.png in Resources */,
				30836C24153C61A200987A13 /* unstarred-grey-down.png in Resources */,
				30836C25153C61A200987A13 /* unstarred-grey.png in Resources */,
				30836C2A153C6AD600987A13 /* starred-pink-down.png in Resources */,
				30836C2B153C6AD600987A13 /* starred-pink.png in Resources */,
				30836C2C153C6AD600987A13 /* unstarred-pink-down.png in Resources */,
				30836C2D153C6AD600987A13 /* unstarred-pink.png in Resources */,
				30836C33153C6DA400987A13 /* record-grey-down.png in Resources */,
				30836C34153C6DA400987A13 /* record-grey.png in Resources */,
				30836C35153C6DA400987A13 /* record-pink-down.png in Resources */,
				30836C36153C6DA400987A13 /* record-pink.png in Resources */,
				309006E9153E08E000FB297F /* cog-down.png in Resources */,
				309006EA153E08E000FB297F /* cog.png in Resources */,
			);
			runOnlyForDeploymentPostprocessing = 0;
		};
/* End PBXResourcesBuildPhase section */

/* Begin PBXSourcesBuildPhase section */
		E0783E961533168C003EA138 /* Sources */ = {
			isa = PBXSourcesBuildPhase;
			buildActionMask = 2147483647;
			files = (
				E0783F301533187E003EA138 /* AFHTTPClient.m in Sources */,
				E0783F311533187E003EA138 /* AFHTTPRequestOperation.m in Sources */,
				E0783F321533187E003EA138 /* AFImageRequestOperation.m in Sources */,
				E0783F331533187E003EA138 /* AFJSONRequestOperation.m in Sources */,
				E0783F341533187E003EA138 /* AFJSONUtilities.m in Sources */,
				E0783F351533187E003EA138 /* AFNetworkActivityIndicatorManager.m in Sources */,
				E0783F361533187E003EA138 /* AFPropertyListRequestOperation.m in Sources */,
				E0783F371533187E003EA138 /* AFURLConnectionOperation.m in Sources */,
				E0783F381533187E003EA138 /* AFXMLRequestOperation.m in Sources */,
				E0783F391533187E003EA138 /* UIImageView+AFNetworking.m in Sources */,
				E0783F3A1533187E003EA138 /* AudioStreamer.m in Sources */,
				E0783F3B1533187E003EA138 /* UIDevice+Hardware.m in Sources */,
				E0783F3C1533187E003EA138 /* SDImageCache.m in Sources */,
				E0783F3D1533187E003EA138 /* SDWebImageDecoder.m in Sources */,
				E0783F3E1533187E003EA138 /* SDWebImageDownloader.m in Sources */,
				E0783F3F1533187E003EA138 /* SDWebImageManager.m in Sources */,
				E0783F401533187E003EA138 /* SDWebImagePrefetcher.m in Sources */,
				E0783F411533187E003EA138 /* UIButton+WebCache.m in Sources */,
				E0783F421533187E003EA138 /* UIImageView+WebCache.m in Sources */,
				E0783F431533187E003EA138 /* SFHFKeychainUtils.m in Sources */,
				E0C965E3153327A6001D52BF /* PLAPlayerViewController.m in Sources */,
				E0C965E6153327A6001D52BF /* PLAIOSAppDelegate.m in Sources */,
				E0C965E9153327A6001D52BF /* main.m in Sources */,
				E058E275153376E80079B226 /* PLAPlayClient.m in Sources */,
				E058E277153376E80079B226 /* PLATrack.m in Sources */,
				E058E27B153377160079B226 /* PLAController.m in Sources */,
				E05AEC0E1534B6BE0094566C /* PLALogInViewControllerViewController.m in Sources */,
			);
			runOnlyForDeploymentPostprocessing = 0;
		};
		E09B1E4414E3FD4C001BD57E /* Sources */ = {
			isa = PBXSourcesBuildPhase;
			buildActionMask = 2147483647;
			files = (
				E0783F5B15331A1E003EA138 /* AudioStreamer.m in Sources */,
				E0783F7415331ADF003EA138 /* AFHTTPClient.m in Sources */,
				E0783F7515331ADF003EA138 /* AFHTTPRequestOperation.m in Sources */,
				E0783F7615331ADF003EA138 /* AFImageRequestOperation.m in Sources */,
				E0783F7715331ADF003EA138 /* AFJSONRequestOperation.m in Sources */,
				E0783F7815331ADF003EA138 /* AFJSONUtilities.m in Sources */,
				E0783F7915331ADF003EA138 /* AFNetworkActivityIndicatorManager.m in Sources */,
				E0783F7A15331ADF003EA138 /* AFPropertyListRequestOperation.m in Sources */,
				E0783F7B15331ADF003EA138 /* AFURLConnectionOperation.m in Sources */,
				E0783F7C15331ADF003EA138 /* AFXMLRequestOperation.m in Sources */,
				E0783F7D15331ADF003EA138 /* UIImageView+AFNetworking.m in Sources */,
				E0C965BE1533279D001D52BF /* PLAItemAppDelegate.m in Sources */,
				E0C965C51533279D001D52BF /* main.m in Sources */,
				E058E274153376E80079B226 /* PLAPlayClient.m in Sources */,
				E058E276153376E80079B226 /* PLATrack.m in Sources */,
				E058E27A153377160079B226 /* PLAController.m in Sources */,
				E051B0A71535569C007DC4F7 /* PLAItemLogInWindowController.m in Sources */,
				E032805E153560680077B17B /* PLAItemWindow.m in Sources */,
				30A3B3BA15359D2E009DA3E0 /* NSObject+SPInvocationGrabbing.m in Sources */,
				30A3B3BB15359D2E009DA3E0 /* SPMediaKeyTap.m in Sources */,
				30A3B3C31535C5D7009DA3E0 /* PLAQueueWindowController.m in Sources */,
				30EE1B40153840FD00AD9DF2 /* PLAHeaderBarBackgroundView.m in Sources */,
				30EE1B5015384CF400AD9DF2 /* PLAQueueImageView.m in Sources */,
				30EE1B9B15386BFF00AD9DF2 /* PLAShadowTextField.m in Sources */,
				30EE1B9E15386F8000AD9DF2 /* PLAQueueWhiteTextField.m in Sources */,
				30FCE81F1538CCA600E70B42 /* PLAQueueDarkAlbumTextField.m in Sources */,
				30122ACE1539AFE300A2E507 /* PLAQueueTableCellView.m in Sources */,
				3080FCF81539DAD90058D7EA /* PLARecordImageView.m in Sources */,
				30836C3F153C864900987A13 /* NSWindow_Flipr.m in Sources */,
				30083B3C153D83F300E795DA /* XFloatSecondsToHMSStringTransformer.m in Sources */,
				309A9E8D153F246B00D664F3 /* PLALoginHeaderBackgroundView.m in Sources */,
			);
			runOnlyForDeploymentPostprocessing = 0;
		};
/* End PBXSourcesBuildPhase section */

/* Begin PBXVariantGroup section */
		E0C965B21533279D001D52BF /* Credits.rtf */ = {
			isa = PBXVariantGroup;
			children = (
				E0C965B31533279D001D52BF /* en */,
			);
			name = Credits.rtf;
			sourceTree = "<group>";
		};
		E0C965B41533279D001D52BF /* InfoPlist.strings */ = {
			isa = PBXVariantGroup;
			children = (
				E0C965B51533279D001D52BF /* en */,
			);
			name = InfoPlist.strings;
			sourceTree = "<group>";
		};
		E0C965B61533279D001D52BF /* MainMenu.xib */ = {
			isa = PBXVariantGroup;
			children = (
				E0C965B71533279D001D52BF /* en */,
			);
			name = MainMenu.xib;
			sourceTree = "<group>";
		};
		E0C965D5153327A6001D52BF /* InfoPlist.strings */ = {
			isa = PBXVariantGroup;
			children = (
				E0C965D6153327A6001D52BF /* en */,
			);
			name = InfoPlist.strings;
			sourceTree = "<group>";
		};
/* End PBXVariantGroup section */

/* Begin XCBuildConfiguration section */
		E0783EAE1533168C003EA138 /* Debug */ = {
			isa = XCBuildConfiguration;
			buildSettings = {
				ARCHS = "$(ARCHS_STANDARD_32_BIT)";
				CODE_SIGN_IDENTITY = "iPhone Developer";
				"CODE_SIGN_IDENTITY[sdk=iphoneos*]" = "iPhone Developer";
				FRAMEWORK_SEARCH_PATHS = (
					"$(inherited)",
					"\"$(SYSTEM_APPS_DIR)/Xcode.app/Contents/Developer/Library/Frameworks\"",
					"\"$(SRCROOT)/vendor\"",
					"\"$(SRCROOT)/vendor/libPusher/OS X\"",
				);
				GCC_PRECOMPILE_PREFIX_HEADER = YES;
				GCC_PREFIX_HEADER = "Play iOS/Supporting Files/Play-iOS-Prefix.pch";
				GCC_WARN_UNINITIALIZED_AUTOS = YES;
				HEADER_SEARCH_PATHS = "\"$(SRCROOT)/vendor/libPusher/iOS\"";
				INFOPLIST_FILE = "Play iOS/Supporting Files/Play-iOS-Info.plist";
				IPHONEOS_DEPLOYMENT_TARGET = 5.0;
				LIBRARY_SEARCH_PATHS = (
					"$(inherited)",
					"\"$(SRCROOT)/vendor/libPusher/iOS\"",
				);
				OTHER_LDFLAGS = "-all_load";
				PRODUCT_NAME = "$(TARGET_NAME)";
				PROVISIONING_PROFILE = "";
				SDKROOT = iphoneos;
				TARGETED_DEVICE_FAMILY = "1,2";
				WRAPPER_EXTENSION = app;
			};
			name = Debug;
		};
		E0783EAF1533168C003EA138 /* Release */ = {
			isa = XCBuildConfiguration;
			buildSettings = {
				ARCHS = "$(ARCHS_STANDARD_32_BIT)";
				"CODE_SIGN_IDENTITY[sdk=iphoneos*]" = "";
				FRAMEWORK_SEARCH_PATHS = (
					"$(inherited)",
					"\"$(SYSTEM_APPS_DIR)/Xcode.app/Contents/Developer/Library/Frameworks\"",
					"\"$(SRCROOT)/vendor\"",
					"\"$(SRCROOT)/vendor/libPusher/OS X\"",
				);
				GCC_PRECOMPILE_PREFIX_HEADER = YES;
				GCC_PREFIX_HEADER = "Play iOS/Supporting Files/Play-iOS-Prefix.pch";
				GCC_WARN_UNINITIALIZED_AUTOS = YES;
				HEADER_SEARCH_PATHS = "\"$(SRCROOT)/vendor/libPusher/iOS\"";
				INFOPLIST_FILE = "Play iOS/Supporting Files/Play-iOS-Info.plist";
				IPHONEOS_DEPLOYMENT_TARGET = 5.0;
				LIBRARY_SEARCH_PATHS = (
					"$(inherited)",
					"\"$(SRCROOT)/vendor/libPusher/iOS\"",
				);
				OTHER_CFLAGS = "-DNS_BLOCK_ASSERTIONS=1";
				OTHER_LDFLAGS = "-all_load";
				PRODUCT_NAME = "$(TARGET_NAME)";
				SDKROOT = iphoneos;
				TARGETED_DEVICE_FAMILY = "1,2";
				VALIDATE_PRODUCT = YES;
				WRAPPER_EXTENSION = app;
			};
			name = Release;
		};
		E09B1E6414E3FD4C001BD57E /* Debug */ = {
			isa = XCBuildConfiguration;
			buildSettings = {
				ALWAYS_SEARCH_USER_PATHS = NO;
				ARCHS = "$(ARCHS_STANDARD_64_BIT)";
				COPY_PHASE_STRIP = NO;
				GCC_C_LANGUAGE_STANDARD = gnu99;
				GCC_DYNAMIC_NO_PIC = NO;
				GCC_ENABLE_OBJC_EXCEPTIONS = YES;
				GCC_OPTIMIZATION_LEVEL = 0;
				GCC_PREPROCESSOR_DEFINITIONS = (
					"DEBUG=1",
					"$(inherited)",
				);
				GCC_SYMBOLS_PRIVATE_EXTERN = NO;
				GCC_VERSION = com.apple.compilers.llvm.clang.1_0;
				GCC_WARN_64_TO_32_BIT_CONVERSION = YES;
				GCC_WARN_ABOUT_MISSING_PROTOTYPES = YES;
				GCC_WARN_ABOUT_RETURN_TYPE = YES;
				GCC_WARN_UNUSED_VARIABLE = YES;
				MACOSX_DEPLOYMENT_TARGET = 10.7;
				ONLY_ACTIVE_ARCH = YES;
				SDKROOT = macosx;
			};
			name = Debug;
		};
		E09B1E6514E3FD4C001BD57E /* Release */ = {
			isa = XCBuildConfiguration;
			buildSettings = {
				ALWAYS_SEARCH_USER_PATHS = NO;
				ARCHS = "$(ARCHS_STANDARD_64_BIT)";
				COPY_PHASE_STRIP = YES;
				DEBUG_INFORMATION_FORMAT = "dwarf-with-dsym";
				GCC_C_LANGUAGE_STANDARD = gnu99;
				GCC_ENABLE_OBJC_EXCEPTIONS = YES;
				GCC_VERSION = com.apple.compilers.llvm.clang.1_0;
				GCC_WARN_64_TO_32_BIT_CONVERSION = YES;
				GCC_WARN_ABOUT_MISSING_PROTOTYPES = YES;
				GCC_WARN_ABOUT_RETURN_TYPE = YES;
				GCC_WARN_UNUSED_VARIABLE = YES;
				MACOSX_DEPLOYMENT_TARGET = 10.7;
				SDKROOT = macosx;
			};
			name = Release;
		};
		E09B1E6714E3FD4C001BD57E /* Debug */ = {
			isa = XCBuildConfiguration;
			buildSettings = {
				FRAMEWORK_SEARCH_PATHS = (
					"$(inherited)",
					"\"$(SRCROOT)/vendor\"",
					"\"$(SRCROOT)/vendor/libPusher/OS X\"",
				);
				GCC_PRECOMPILE_PREFIX_HEADER = YES;
				GCC_PREFIX_HEADER = "Play Item/Supporting Files/Play-Prefix.pch";
				INFOPLIST_FILE = "Play Item/Supporting Files/Play-Info.plist";
				LIBRARY_SEARCH_PATHS = (
					"$(inherited)",
					"\"$(SRCROOT)/vendor/libPusher/OS X\"",
				);
				MACOSX_DEPLOYMENT_TARGET = 10.7;
				OTHER_CFLAGS = "-DTARGET_OS_IPHONE=NO";
				OTHER_LDFLAGS = "-all_load";
				PRODUCT_NAME = "$(TARGET_NAME)";
				WRAPPER_EXTENSION = app;
			};
			name = Debug;
		};
		E09B1E6814E3FD4C001BD57E /* Release */ = {
			isa = XCBuildConfiguration;
			buildSettings = {
				FRAMEWORK_SEARCH_PATHS = (
					"$(inherited)",
					"\"$(SRCROOT)/vendor\"",
					"\"$(SRCROOT)/vendor/libPusher/OS X\"",
				);
				GCC_PRECOMPILE_PREFIX_HEADER = YES;
				GCC_PREFIX_HEADER = "Play Item/Supporting Files/Play-Prefix.pch";
				INFOPLIST_FILE = "Play Item/Supporting Files/Play-Info.plist";
				LIBRARY_SEARCH_PATHS = (
					"$(inherited)",
					"\"$(SRCROOT)/vendor/libPusher/OS X\"",
				);
				MACOSX_DEPLOYMENT_TARGET = 10.7;
				OTHER_CFLAGS = "-DTARGET_OS_IPHONE=NO";
				OTHER_LDFLAGS = "-all_load";
				PRODUCT_NAME = "$(TARGET_NAME)";
				WRAPPER_EXTENSION = app;
			};
			name = Release;
		};
/* End XCBuildConfiguration section */

/* Begin XCConfigurationList section */
		E0783EB01533168C003EA138 /* Build configuration list for PBXNativeTarget "Play iOS" */ = {
			isa = XCConfigurationList;
			buildConfigurations = (
				E0783EAE1533168C003EA138 /* Debug */,
				E0783EAF1533168C003EA138 /* Release */,
			);
			defaultConfigurationIsVisible = 0;
			defaultConfigurationName = Release;
		};
		E09B1E4214E3FD4C001BD57E /* Build configuration list for PBXProject "Play Cocoa" */ = {
			isa = XCConfigurationList;
			buildConfigurations = (
				E09B1E6414E3FD4C001BD57E /* Debug */,
				E09B1E6514E3FD4C001BD57E /* Release */,
			);
			defaultConfigurationIsVisible = 0;
			defaultConfigurationName = Release;
		};
		E09B1E6614E3FD4C001BD57E /* Build configuration list for PBXNativeTarget "Play" */ = {
			isa = XCConfigurationList;
			buildConfigurations = (
				E09B1E6714E3FD4C001BD57E /* Debug */,
				E09B1E6814E3FD4C001BD57E /* Release */,
			);
			defaultConfigurationIsVisible = 0;
			defaultConfigurationName = Release;
		};
/* End XCConfigurationList section */
	};
	rootObject = E09B1E3F14E3FD4C001BD57E /* Project object */;
}
